// !$*UTF8*$!
{
	archiveVersion = 1;
	classes = {
	};
	objectVersion = 48;
	objects = {

/* Begin PBXBuildFile section */
		5E371E871FAABBBB009D8026 /* MXBaseNavigationController.m in Sources */ = {isa = PBXBuildFile; fileRef = 5E371E861FAABBBA009D8026 /* MXBaseNavigationController.m */; };
		5E371E8A1FAABBCE009D8026 /* MXTableViewController.m in Sources */ = {isa = PBXBuildFile; fileRef = 5E371E891FAABBCE009D8026 /* MXTableViewController.m */; };
		5E9FF1881F79636E00283FBD /* MXAppDelegate.m in Sources */ = {isa = PBXBuildFile; fileRef = 5E9FF1871F79636E00283FBD /* MXAppDelegate.m */; };
		5E9FF1901F79636E00283FBD /* Assets.xcassets in Resources */ = {isa = PBXBuildFile; fileRef = 5E9FF18F1F79636E00283FBD /* Assets.xcassets */; };
		5E9FF1961F79636E00283FBD /* main.m in Sources */ = {isa = PBXBuildFile; fileRef = 5E9FF1951F79636E00283FBD /* main.m */; };
		5EBAF2FD1F7F6D5300C627CA /* MXBaseViewController.m in Sources */ = {isa = PBXBuildFile; fileRef = 5EBAF2FC1F7F6D5300C627CA /* MXBaseViewController.m */; };
		5EBAF3001F7F6D8A00C627CA /* MXAudioPlayViewController.m in Sources */ = {isa = PBXBuildFile; fileRef = 5EBAF2FF1F7F6D8A00C627CA /* MXAudioPlayViewController.m */; };
		5EBAF3061F7F72B100C627CA /* MXPhotoUtil.m in Sources */ = {isa = PBXBuildFile; fileRef = 5EBAF3051F7F72B100C627CA /* MXPhotoUtil.m */; };
		B150D64DE5244FA58902E52D /* libPods-MemoryForYou.a in Frameworks */ = {isa = PBXBuildFile; fileRef = C87D5F742341887FED58B90E /* libPods-MemoryForYou.a */; };
/* End PBXBuildFile section */

/* Begin PBXFileReference section */
		336CC48A0C4577F4BC0C0FEB /* Pods-MemoryForYou.release.xcconfig */ = {isa = PBXFileReference; includeInIndex = 1; lastKnownFileType = text.xcconfig; name = "Pods-MemoryForYou.release.xcconfig"; path = "Pods/Target Support Files/Pods-MemoryForYou/Pods-MemoryForYou.release.xcconfig"; sourceTree = "<group>"; };
		5E371E851FAABBBA009D8026 /* MXBaseNavigationController.h */ = {isa = PBXFileReference; lastKnownFileType = sourcecode.c.h; path = MXBaseNavigationController.h; sourceTree = "<group>"; };
		5E371E861FAABBBA009D8026 /* MXBaseNavigationController.m */ = {isa = PBXFileReference; lastKnownFileType = sourcecode.c.objc; path = MXBaseNavigationController.m; sourceTree = "<group>"; };
		5E371E881FAABBCE009D8026 /* MXTableViewController.h */ = {isa = PBXFileReference; lastKnownFileType = sourcecode.c.h; path = MXTableViewController.h; sourceTree = "<group>"; };
		5E371E891FAABBCE009D8026 /* MXTableViewController.m */ = {isa = PBXFileReference; lastKnownFileType = sourcecode.c.objc; path = MXTableViewController.m; sourceTree = "<group>"; };
		5E9FF1831F79636E00283FBD /* MemoryForYou.app */ = {isa = PBXFileReference; explicitFileType = wrapper.application; includeInIndex = 0; path = MemoryForYou.app; sourceTree = BUILT_PRODUCTS_DIR; };
		5E9FF1861F79636E00283FBD /* MXAppDelegate.h */ = {isa = PBXFileReference; lastKnownFileType = sourcecode.c.h; path = MXAppDelegate.h; sourceTree = "<group>"; };
		5E9FF1871F79636E00283FBD /* MXAppDelegate.m */ = {isa = PBXFileReference; lastKnownFileType = sourcecode.c.objc; path = MXAppDelegate.m; sourceTree = "<group>"; };
		5E9FF18F1F79636E00283FBD /* Assets.xcassets */ = {isa = PBXFileReference; lastKnownFileType = folder.assetcatalog; path = Assets.xcassets; sourceTree = "<group>"; };
		5E9FF1941F79636E00283FBD /* Info.plist */ = {isa = PBXFileReference; lastKnownFileType = text.plist.xml; path = Info.plist; sourceTree = "<group>"; };
		5E9FF1951F79636E00283FBD /* main.m */ = {isa = PBXFileReference; lastKnownFileType = sourcecode.c.objc; path = main.m; sourceTree = "<group>"; };
		5EBAF2FB1F7F6D5300C627CA /* MXBaseViewController.h */ = {isa = PBXFileReference; lastKnownFileType = sourcecode.c.h; path = MXBaseViewController.h; sourceTree = "<group>"; };
		5EBAF2FC1F7F6D5300C627CA /* MXBaseViewController.m */ = {isa = PBXFileReference; lastKnownFileType = sourcecode.c.objc; path = MXBaseViewController.m; sourceTree = "<group>"; };
		5EBAF2FE1F7F6D8A00C627CA /* MXAudioPlayViewController.h */ = {isa = PBXFileReference; lastKnownFileType = sourcecode.c.h; path = MXAudioPlayViewController.h; sourceTree = "<group>"; };
		5EBAF2FF1F7F6D8A00C627CA /* MXAudioPlayViewController.m */ = {isa = PBXFileReference; lastKnownFileType = sourcecode.c.objc; path = MXAudioPlayViewController.m; sourceTree = "<group>"; };
		5EBAF3041F7F72B100C627CA /* MXPhotoUtil.h */ = {isa = PBXFileReference; lastKnownFileType = sourcecode.c.h; path = MXPhotoUtil.h; sourceTree = "<group>"; };
		5EBAF3051F7F72B100C627CA /* MXPhotoUtil.m */ = {isa = PBXFileReference; lastKnownFileType = sourcecode.c.objc; path = MXPhotoUtil.m; sourceTree = "<group>"; };
		5EC0236D1F9661B20094D65F /* Main.storyboard */ = {isa = PBXFileReference; lastKnownFileType = file.storyboard; path = Main.storyboard; sourceTree = "<group>"; };
		5EC0236E1F9661B20094D65F /* LaunchScreen.storyboard */ = {isa = PBXFileReference; lastKnownFileType = file.storyboard; path = LaunchScreen.storyboard; sourceTree = "<group>"; };
		C87D5F742341887FED58B90E /* libPods-MemoryForYou.a */ = {isa = PBXFileReference; explicitFileType = archive.ar; includeInIndex = 0; path = "libPods-MemoryForYou.a"; sourceTree = BUILT_PRODUCTS_DIR; };
		D588153A09E7C099B5B599C9 /* Pods-MemoryForYou.debug.xcconfig */ = {isa = PBXFileReference; includeInIndex = 1; lastKnownFileType = text.xcconfig; name = "Pods-MemoryForYou.debug.xcconfig"; path = "Pods/Target Support Files/Pods-MemoryForYou/Pods-MemoryForYou.debug.xcconfig"; sourceTree = "<group>"; };
/* End PBXFileReference section */

/* Begin PBXFrameworksBuildPhase section */
		5E9FF1801F79636E00283FBD /* Frameworks */ = {
			isa = PBXFrameworksBuildPhase;
			buildActionMask = 2147483647;
			files = (
				B150D64DE5244FA58902E52D /* libPods-MemoryForYou.a in Frameworks */,
			);
			runOnlyForDeploymentPostprocessing = 0;
		};
/* End PBXFrameworksBuildPhase section */

/* Begin PBXGroup section */
		5E9FF17A1F79636E00283FBD = {
			isa = PBXGroup;
			children = (
				5E9FF1851F79636E00283FBD /* MemoryForYou */,
				5E9FF1841F79636E00283FBD /* Products */,
				8CD57BA0AC8F1CD306CE4D41 /* Pods */,
				6B57A7CA58A42707929086DF /* Frameworks */,
			);
			sourceTree = "<group>";
		};
		5E9FF1841F79636E00283FBD /* Products */ = {
			isa = PBXGroup;
			children = (
				5E9FF1831F79636E00283FBD /* MemoryForYou.app */,
			);
			name = Products;
			sourceTree = "<group>";
		};
		5E9FF1851F79636E00283FBD /* MemoryForYou */ = {
			isa = PBXGroup;
			children = (
				5E9FF1861F79636E00283FBD /* MXAppDelegate.h */,
				5E9FF1871F79636E00283FBD /* MXAppDelegate.m */,
				5EBAF3031F7F728700C627CA /* Main */,
				5EBAF3021F7F727500C627CA /* Base */,
				5EBAF3011F7F726300C627CA /* Util */,
				5E9FF18F1F79636E00283FBD /* Assets.xcassets */,
				5EC0236E1F9661B20094D65F /* LaunchScreen.storyboard */,
				5EC0236D1F9661B20094D65F /* Main.storyboard */,
				5E9FF1941F79636E00283FBD /* Info.plist */,
				5E9FF1951F79636E00283FBD /* main.m */,
			);
			path = MemoryForYou;
			sourceTree = "<group>";
		};
		5EBAF3011F7F726300C627CA /* Util */ = {
			isa = PBXGroup;
			children = (
				5EBAF3041F7F72B100C627CA /* MXPhotoUtil.h */,
				5EBAF3051F7F72B100C627CA /* MXPhotoUtil.m */,
			);
			path = Util;
			sourceTree = "<group>";
		};
		5EBAF3021F7F727500C627CA /* Base */ = {
			isa = PBXGroup;
			children = (
				5EBAF2FB1F7F6D5300C627CA /* MXBaseViewController.h */,
				5EBAF2FC1F7F6D5300C627CA /* MXBaseViewController.m */,
				5E371E851FAABBBA009D8026 /* MXBaseNavigationController.h */,
				5E371E861FAABBBA009D8026 /* MXBaseNavigationController.m */,
				5E371E881FAABBCE009D8026 /* MXTableViewController.h */,
				5E371E891FAABBCE009D8026 /* MXTableViewController.m */,
			);
			path = Base;
			sourceTree = "<group>";
		};
		5EBAF3031F7F728700C627CA /* Main */ = {
			isa = PBXGroup;
			children = (
				5EBAF2FE1F7F6D8A00C627CA /* MXAudioPlayViewController.h */,
				5EBAF2FF1F7F6D8A00C627CA /* MXAudioPlayViewController.m */,
			);
			path = Main;
			sourceTree = "<group>";
		};
		6B57A7CA58A42707929086DF /* Frameworks */ = {
			isa = PBXGroup;
			children = (
				C87D5F742341887FED58B90E /* libPods-MemoryForYou.a */,
			);
			name = Frameworks;
			sourceTree = "<group>";
		};
		8CD57BA0AC8F1CD306CE4D41 /* Pods */ = {
			isa = PBXGroup;
			children = (
				D588153A09E7C099B5B599C9 /* Pods-MemoryForYou.debug.xcconfig */,
				336CC48A0C4577F4BC0C0FEB /* Pods-MemoryForYou.release.xcconfig */,
			);
			name = Pods;
			sourceTree = "<group>";
		};
/* End PBXGroup section */

/* Begin PBXNativeTarget section */
		5E9FF1821F79636E00283FBD /* MemoryForYou */ = {
			isa = PBXNativeTarget;
			buildConfigurationList = 5E9FF1991F79636E00283FBD /* Build configuration list for PBXNativeTarget "MemoryForYou" */;
			buildPhases = (
				F39FBDAB3020FAE33986991C /* [CP] Check Pods Manifest.lock */,
				5E9FF17F1F79636E00283FBD /* Sources */,
				5E9FF1801F79636E00283FBD /* Frameworks */,
				5E9FF1811F79636E00283FBD /* Resources */,
				AA8094ACA7A52F7658CE640A /* [CP] Embed Pods Frameworks */,
				8063268C020CF70A254A1649 /* [CP] Copy Pods Resources */,
			);
			buildRules = (
			);
			dependencies = (
			);
			name = MemoryForYou;
			productName = MemoryForYou;
			productReference = 5E9FF1831F79636E00283FBD /* MemoryForYou.app */;
			productType = "com.apple.product-type.application";
		};
/* End PBXNativeTarget section */

/* Begin PBXProject section */
		5E9FF17B1F79636E00283FBD /* Project object */ = {
			isa = PBXProject;
			attributes = {
				CLASSPREFIX = MX;
				LastUpgradeCheck = 0900;
				ORGANIZATIONNAME = xialisuper;
				TargetAttributes = {
					5E9FF1821F79636E00283FBD = {
						CreatedOnToolsVersion = 9.0;
						ProvisioningStyle = Automatic;
					};
				};
			};
			buildConfigurationList = 5E9FF17E1F79636E00283FBD /* Build configuration list for PBXProject "MemoryForYou" */;
			compatibilityVersion = "Xcode 8.0";
			developmentRegion = en;
			hasScannedForEncodings = 0;
			knownRegions = (
				en,
				Base,
			);
			mainGroup = 5E9FF17A1F79636E00283FBD;
			productRefGroup = 5E9FF1841F79636E00283FBD /* Products */;
			projectDirPath = "";
			projectRoot = "";
			targets = (
				5E9FF1821F79636E00283FBD /* MemoryForYou */,
			);
		};
/* End PBXProject section */

/* Begin PBXResourcesBuildPhase section */
		5E9FF1811F79636E00283FBD /* Resources */ = {
			isa = PBXResourcesBuildPhase;
			buildActionMask = 2147483647;
			files = (
				5E9FF1901F79636E00283FBD /* Assets.xcassets in Resources */,
			);
			runOnlyForDeploymentPostprocessing = 0;
		};
/* End PBXResourcesBuildPhase section */

/* Begin PBXShellScriptBuildPhase section */
		8063268C020CF70A254A1649 /* [CP] Copy Pods Resources */ = {
			isa = PBXShellScriptBuildPhase;
			buildActionMask = 2147483647;
			files = (
			);
			inputPaths = (
				"${SRCROOT}/Pods/Target Support Files/Pods-MemoryForYou/Pods-MemoryForYou-resources.sh",
				"${PODS_ROOT}/ShareSDK3/SDK/ShareSDK/Support/Required/ShareSDK.bundle",
				"${PODS_ROOT}/ShareSDK3/SDK/ShareSDK/Support/PlatformSDK/QQSDK/TencentOpenApi_IOS_Bundle.bundle",
				"${PODS_ROOT}/ShareSDK3/SDK/ShareSDK/Support/PlatformSDK/SinaWeiboSDK/WeiboSDK.bundle",
			);
			name = "[CP] Copy Pods Resources";
			outputPaths = (
				"${TARGET_BUILD_DIR}/${UNLOCALIZED_RESOURCES_FOLDER_PATH}",
			);
			runOnlyForDeploymentPostprocessing = 0;
			shellPath = /bin/sh;
			shellScript = "\"${SRCROOT}/Pods/Target Support Files/Pods-MemoryForYou/Pods-MemoryForYou-resources.sh\"\n";
			showEnvVarsInLog = 0;
		};
		AA8094ACA7A52F7658CE640A /* [CP] Embed Pods Frameworks */ = {
			isa = PBXShellScriptBuildPhase;
			buildActionMask = 2147483647;
			files = (
			);
			inputPaths = (
			);
			name = "[CP] Embed Pods Frameworks";
			outputPaths = (
			);
			runOnlyForDeploymentPostprocessing = 0;
			shellPath = /bin/sh;
			shellScript = "\"${SRCROOT}/Pods/Target Support Files/Pods-MemoryForYou/Pods-MemoryForYou-frameworks.sh\"\n";
			showEnvVarsInLog = 0;
		};
		F39FBDAB3020FAE33986991C /* [CP] Check Pods Manifest.lock */ = {
			isa = PBXShellScriptBuildPhase;
			buildActionMask = 2147483647;
			files = (
			);
			inputPaths = (
				"${PODS_PODFILE_DIR_PATH}/Podfile.lock",
				"${PODS_ROOT}/Manifest.lock",
			);
			name = "[CP] Check Pods Manifest.lock";
			outputPaths = (
				"$(DERIVED_FILE_DIR)/Pods-MemoryForYou-checkManifestLockResult.txt",
			);
			runOnlyForDeploymentPostprocessing = 0;
			shellPath = /bin/sh;
			shellScript = "diff \"${PODS_PODFILE_DIR_PATH}/Podfile.lock\" \"${PODS_ROOT}/Manifest.lock\" > /dev/null\nif [ $? != 0 ] ; then\n    # print error to STDERR\n    echo \"error: The sandbox is not in sync with the Podfile.lock. Run 'pod install' or update your CocoaPods installation.\" >&2\n    exit 1\nfi\n# This output is used by Xcode 'outputs' to avoid re-running this script phase.\necho \"SUCCESS\" > \"${SCRIPT_OUTPUT_FILE_0}\"\n";
			showEnvVarsInLog = 0;
		};
/* End PBXShellScriptBuildPhase section */

/* Begin PBXSourcesBuildPhase section */
		5E9FF17F1F79636E00283FBD /* Sources */ = {
			isa = PBXSourcesBuildPhase;
			buildActionMask = 2147483647;
			files = (
				5E9FF1961F79636E00283FBD /* main.m in Sources */,
				5E371E8A1FAABBCE009D8026 /* MXTableViewController.m in Sources */,
				5EBAF3061F7F72B100C627CA /* MXPhotoUtil.m in Sources */,
				5E9FF1881F79636E00283FBD /* MXAppDelegate.m in Sources */,
				5EBAF3001F7F6D8A00C627CA /* MXAudioPlayViewController.m in Sources */,
				5EBAF2FD1F7F6D5300C627CA /* MXBaseViewController.m in Sources */,
				5E371E871FAABBBB009D8026 /* MXBaseNavigationController.m in Sources */,
			);
			runOnlyForDeploymentPostprocessing = 0;
		};
/* End PBXSourcesBuildPhase section */

/* Begin XCBuildConfiguration section */
		5E9FF1971F79636E00283FBD /* Debug */ = {
			isa = XCBuildConfiguration;
			buildSettings = {
				ALWAYS_SEARCH_USER_PATHS = NO;
				CLANG_ANALYZER_NONNULL = YES;
				CLANG_ANALYZER_NUMBER_OBJECT_CONVERSION = YES_AGGRESSIVE;
				CLANG_CXX_LANGUAGE_STANDARD = "gnu++14";
				CLANG_CXX_LIBRARY = "libc++";
				CLANG_ENABLE_MODULES = YES;
				CLANG_ENABLE_OBJC_ARC = YES;
				CLANG_WARN_BLOCK_CAPTURE_AUTORELEASING = YES;
				CLANG_WARN_BOOL_CONVERSION = YES;
				CLANG_WARN_COMMA = YES;
				CLANG_WARN_CONSTANT_CONVERSION = YES;
				CLANG_WARN_DIRECT_OBJC_ISA_USAGE = YES_ERROR;
				CLANG_WARN_DOCUMENTATION_COMMENTS = YES;
				CLANG_WARN_EMPTY_BODY = YES;
				CLANG_WARN_ENUM_CONVERSION = YES;
				CLANG_WARN_INFINITE_RECURSION = YES;
				CLANG_WARN_INT_CONVERSION = YES;
				CLANG_WARN_NON_LITERAL_NULL_CONVERSION = YES;
				CLANG_WARN_OBJC_LITERAL_CONVERSION = YES;
				CLANG_WARN_OBJC_ROOT_CLASS = YES_ERROR;
				CLANG_WARN_RANGE_LOOP_ANALYSIS = YES;
				CLANG_WARN_STRICT_PROTOTYPES = YES;
				CLANG_WARN_SUSPICIOUS_MOVE = YES;
				CLANG_WARN_UNGUARDED_AVAILABILITY = YES_AGGRESSIVE;
				CLANG_WARN_UNREACHABLE_CODE = YES;
				CLANG_WARN__DUPLICATE_METHOD_MATCH = YES;
				CODE_SIGN_IDENTITY = "iPhone Developer";
				COPY_PHASE_STRIP = NO;
				DEBUG_INFORMATION_FORMAT = dwarf;
				ENABLE_STRICT_OBJC_MSGSEND = YES;
				ENABLE_TESTABILITY = YES;
				GCC_C_LANGUAGE_STANDARD = gnu11;
				GCC_DYNAMIC_NO_PIC = NO;
				GCC_NO_COMMON_BLOCKS = YES;
				GCC_OPTIMIZATION_LEVEL = 0;
				GCC_PREPROCESSOR_DEFINITIONS = (
					"DEBUG=1",
					"$(inherited)",
				);
				GCC_WARN_64_TO_32_BIT_CONVERSION = YES;
				GCC_WARN_ABOUT_RETURN_TYPE = YES_ERROR;
				GCC_WARN_UNDECLARED_SELECTOR = YES;
				GCC_WARN_UNINITIALIZED_AUTOS = YES_AGGRESSIVE;
				GCC_WARN_UNUSED_FUNCTION = YES;
				GCC_WARN_UNUSED_VARIABLE = YES;
				IPHONEOS_DEPLOYMENT_TARGET = 11.0;
				MTL_ENABLE_DEBUG_INFO = YES;
				ONLY_ACTIVE_ARCH = YES;
				SDKROOT = iphoneos;
			};
			name = Debug;
		};
		5E9FF1981F79636E00283FBD /* Release */ = {
			isa = XCBuildConfiguration;
			buildSettings = {
				ALWAYS_SEARCH_USER_PATHS = NO;
				CLANG_ANALYZER_NONNULL = YES;
				CLANG_ANALYZER_NUMBER_OBJECT_CONVERSION = YES_AGGRESSIVE;
				CLANG_CXX_LANGUAGE_STANDARD = "gnu++14";
				CLANG_CXX_LIBRARY = "libc++";
				CLANG_ENABLE_MODULES = YES;
				CLANG_ENABLE_OBJC_ARC = YES;
				CLANG_WARN_BLOCK_CAPTURE_AUTORELEASING = YES;
				CLANG_WARN_BOOL_CONVERSION = YES;
				CLANG_WARN_COMMA = YES;
				CLANG_WARN_CONSTANT_CONVERSION = YES;
				CLANG_WARN_DIRECT_OBJC_ISA_USAGE = YES_ERROR;
				CLANG_WARN_DOCUMENTATION_COMMENTS = YES;
				CLANG_WARN_EMPTY_BODY = YES;
				CLANG_WARN_ENUM_CONVERSION = YES;
				CLANG_WARN_INFINITE_RECURSION = YES;
				CLANG_WARN_INT_CONVERSION = YES;
				CLANG_WARN_NON_LITERAL_NULL_CONVERSION = YES;
				CLANG_WARN_OBJC_LITERAL_CONVERSION = YES;
				CLANG_WARN_OBJC_ROOT_CLASS = YES_ERROR;
				CLANG_WARN_RANGE_LOOP_ANALYSIS = YES;
				CLANG_WARN_STRICT_PROTOTYPES = YES;
				CLANG_WARN_SUSPICIOUS_MOVE = YES;
				CLANG_WARN_UNGUARDED_AVAILABILITY = YES_AGGRESSIVE;
				CLANG_WARN_UNREACHABLE_CODE = YES;
				CLANG_WARN__DUPLICATE_METHOD_MATCH = YES;
				CODE_SIGN_IDENTITY = "iPhone Developer";
				COPY_PHASE_STRIP = NO;
				DEBUG_INFORMATION_FORMAT = "dwarf-with-dsym";
				ENABLE_NS_ASSERTIONS = NO;
				ENABLE_STRICT_OBJC_MSGSEND = YES;
				GCC_C_LANGUAGE_STANDARD = gnu11;
				GCC_NO_COMMON_BLOCKS = YES;
				GCC_WARN_64_TO_32_BIT_CONVERSION = YES;
				GCC_WARN_ABOUT_RETURN_TYPE = YES_ERROR;
				GCC_WARN_UNDECLARED_SELECTOR = YES;
				GCC_WARN_UNINITIALIZED_AUTOS = YES_AGGRESSIVE;
				GCC_WARN_UNUSED_FUNCTION = YES;
				GCC_WARN_UNUSED_VARIABLE = YES;
				IPHONEOS_DEPLOYMENT_TARGET = 11.0;
				MTL_ENABLE_DEBUG_INFO = NO;
				SDKROOT = iphoneos;
				VALIDATE_PRODUCT = YES;
			};
			name = Release;
		};
		5E9FF19A1F79636E00283FBD /* Debug */ = {
			isa = XCBuildConfiguration;
			baseConfigurationReference = D588153A09E7C099B5B599C9 /* Pods-MemoryForYou.debug.xcconfig */;
			buildSettings = {
				ASSETCATALOG_COMPILER_APPICON_NAME = AppIcon;
				CODE_SIGN_STYLE = Automatic;
				DEVELOPMENT_TEAM = JNWXFM5T8S;
				INFOPLIST_FILE = MemoryForYou/Info.plist;
				IPHONEOS_DEPLOYMENT_TARGET = 8.2;
				LD_RUNPATH_SEARCH_PATHS = "$(inherited) @executable_path/Frameworks";
				PRODUCT_BUNDLE_IDENTIFIER = com.Memory.MemoryForYou;
				PRODUCT_NAME = "$(TARGET_NAME)";
				TARGETED_DEVICE_FAMILY = 1;
			};
			name = Debug;
		};
		5E9FF19B1F79636E00283FBD /* Release */ = {
			isa = XCBuildConfiguration;
			baseConfigurationReference = 336CC48A0C4577F4BC0C0FEB /* Pods-MemoryForYou.release.xcconfig */;
			buildSettings = {
				ASSETCATALOG_COMPILER_APPICON_NAME = AppIcon;
				CODE_SIGN_STYLE = Automatic;
				DEVELOPMENT_TEAM = JNWXFM5T8S;
				INFOPLIST_FILE = MemoryForYou/Info.plist;
				IPHONEOS_DEPLOYMENT_TARGET = 8.2;
				LD_RUNPATH_SEARCH_PATHS = "$(inherited) @executable_path/Frameworks";
				PRODUCT_BUNDLE_IDENTIFIER = com.Memory.MemoryForYou;
				PRODUCT_NAME = "$(TARGET_NAME)";
				TARGETED_DEVICE_FAMILY = 1;
			};
			name = Release;
		};
/* End XCBuildConfiguration section */

/* Begin XCConfigurationList section */
		5E9FF17E1F79636E00283FBD /* Build configuration list for PBXProject "MemoryForYou" */ = {
			isa = XCConfigurationList;
			buildConfigurations = (
				5E9FF1971F79636E00283FBD /* Debug */,
				5E9FF1981F79636E00283FBD /* Release */,
			);
			defaultConfigurationIsVisible = 0;
			defaultConfigurationName = Release;
		};
		5E9FF1991F79636E00283FBD /* Build configuration list for PBXNativeTarget "MemoryForYou" */ = {
			isa = XCConfigurationList;
			buildConfigurations = (
				5E9FF19A1F79636E00283FBD /* Debug */,
				5E9FF19B1F79636E00283FBD /* Release */,
			);
			defaultConfigurationIsVisible = 0;
			defaultConfigurationName = Release;
		};
/* End XCConfigurationList section */
	};
	rootObject = 5E9FF17B1F79636E00283FBD /* Project object */;
}
