// !$*UTF8*$!
{
	archiveVersion = 1;
	classes = {
	};
	objectVersion = 48;
	objects = {

/* Begin PBXBuildFile section */
		5E9FF1881F79636E00283FBD /* AppDelegate.m in Sources */ = {isa = PBXBuildFile; fileRef = 5E9FF1871F79636E00283FBD /* AppDelegate.m */; };
		5E9FF18B1F79636E00283FBD /* ViewController.m in Sources */ = {isa = PBXBuildFile; fileRef = 5E9FF18A1F79636E00283FBD /* ViewController.m */; };
		5E9FF18E1F79636E00283FBD /* Main.storyboard in Resources */ = {isa = PBXBuildFile; fileRef = 5E9FF18C1F79636E00283FBD /* Main.storyboard */; };
		5E9FF1901F79636E00283FBD /* Assets.xcassets in Resources */ = {isa = PBXBuildFile; fileRef = 5E9FF18F1F79636E00283FBD /* Assets.xcassets */; };
		5E9FF1931F79636E00283FBD /* LaunchScreen.storyboard in Resources */ = {isa = PBXBuildFile; fileRef = 5E9FF1911F79636E00283FBD /* LaunchScreen.storyboard */; };
		5E9FF1961F79636E00283FBD /* main.m in Sources */ = {isa = PBXBuildFile; fileRef = 5E9FF1951F79636E00283FBD /* main.m */; };
/* End PBXBuildFile section */

/* Begin PBXFileReference section */
		5E9FF1831F79636E00283FBD /* MemoryForYou.app */ = {isa = PBXFileReference; explicitFileType = wrapper.application; includeInIndex = 0; path = MemoryForYou.app; sourceTree = BUILT_PRODUCTS_DIR; };
		5E9FF1861F79636E00283FBD /* AppDelegate.h */ = {isa = PBXFileReference; lastKnownFileType = sourcecode.c.h; path = AppDelegate.h; sourceTree = "<group>"; };
		5E9FF1871F79636E00283FBD /* AppDelegate.m */ = {isa = PBXFileReference; lastKnownFileType = sourcecode.c.objc; path = AppDelegate.m; sourceTree = "<group>"; };
		5E9FF1891F79636E00283FBD /* ViewController.h */ = {isa = PBXFileReference; lastKnownFileType = sourcecode.c.h; path = ViewController.h; sourceTree = "<group>"; };
		5E9FF18A1F79636E00283FBD /* ViewController.m */ = {isa = PBXFileReference; lastKnownFileType = sourcecode.c.objc; path = ViewController.m; sourceTree = "<group>"; };
		5E9FF18D1F79636E00283FBD /* Base */ = {isa = PBXFileReference; lastKnownFileType = file.storyboard; name = Base; path = Base.lproj/Main.storyboard; sourceTree = "<group>"; };
		5E9FF18F1F79636E00283FBD /* Assets.xcassets */ = {isa = PBXFileReference; lastKnownFileType = folder.assetcatalog; path = Assets.xcassets; sourceTree = "<group>"; };
		5E9FF1921F79636E00283FBD /* Base */ = {isa = PBXFileReference; lastKnownFileType = file.storyboard; name = Base; path = Base.lproj/LaunchScreen.storyboard; sourceTree = "<group>"; };
		5E9FF1941F79636E00283FBD /* Info.plist */ = {isa = PBXFileReference; lastKnownFileType = text.plist.xml; path = Info.plist; sourceTree = "<group>"; };
		5E9FF1951F79636E00283FBD /* main.m */ = {isa = PBXFileReference; lastKnownFileType = sourcecode.c.objc; path = main.m; sourceTree = "<group>"; };
/* End PBXFileReference section */

/* Begin PBXFrameworksBuildPhase section */
		5E9FF1801F79636E00283FBD /* Frameworks */ = {
			isa = PBXFrameworksBuildPhase;
			buildActionMask = 2147483647;
			files = (
			);
			runOnlyForDeploymentPostprocessing = 0;
		};
/* End PBXFrameworksBuildPhase section */

/* Begin PBXGroup section */
		5E9FF17A1F79636E00283FBD = {
			isa = PBXGroup;
			children = (
				5E9FF1851F79636E00283FBD /* MemoryForYou */,
				5E9FF1841F79636E00283FBD /* Products */,
			);
			sourceTree = "<group>";
		};
		5E9FF1841F79636E00283FBD /* Products */ = {
			isa = PBXGroup;
			children = (
				5E9FF1831F79636E00283FBD /* MemoryForYou.app */,
			);
			name = Products;
			sourceTree = "<group>";
		};
		5E9FF1851F79636E00283FBD /* MemoryForYou */ = {
			isa = PBXGroup;
			children = (
				5E9FF1861F79636E00283FBD /* AppDelegate.h */,
				5E9FF1871F79636E00283FBD /* AppDelegate.m */,
				5E9FF1891F79636E00283FBD /* ViewController.h */,
				5E9FF18A1F79636E00283FBD /* ViewController.m */,
				5E9FF18C1F79636E00283FBD /* Main.storyboard */,
				5E9FF18F1F79636E00283FBD /* Assets.xcassets */,
				5E9FF1911F79636E00283FBD /* LaunchScreen.storyboard */,
				5E9FF1941F79636E00283FBD /* Info.plist */,
				5E9FF1951F79636E00283FBD /* main.m */,
			);
			path = MemoryForYou;
			sourceTree = "<group>";
		};
/* End PBXGroup section */

/* Begin PBXNativeTarget section */
		5E9FF1821F79636E00283FBD /* MemoryForYou */ = {
			isa = PBXNativeTarget;
			buildConfigurationList = 5E9FF1991F79636E00283FBD /* Build configuration list for PBXNativeTarget "MemoryForYou" */;
			buildPhases = (
				5E9FF17F1F79636E00283FBD /* Sources */,
				5E9FF1801F79636E00283FBD /* Frameworks */,
				5E9FF1811F79636E00283FBD /* Resources */,
			);
			buildRules = (
			);
			dependencies = (
			);
			name = MemoryForYou;
			productName = MemoryForYou;
			productReference = 5E9FF1831F79636E00283FBD /* MemoryForYou.app */;
			productType = "com.apple.product-type.application";
		};
/* End PBXNativeTarget section */

/* Begin PBXProject section */
		5E9FF17B1F79636E00283FBD /* Project object */ = {
			isa = PBXProject;
			attributes = {
				LastUpgradeCheck = 0900;
				ORGANIZATIONNAME = "夏立群";
				TargetAttributes = {
					5E9FF1821F79636E00283FBD = {
						CreatedOnToolsVersion = 9.0;
						ProvisioningStyle = Automatic;
					};
				};
			};
			buildConfigurationList = 5E9FF17E1F79636E00283FBD /* Build configuration list for PBXProject "MemoryForYou" */;
			compatibilityVersion = "Xcode 8.0";
			developmentRegion = en;
			hasScannedForEncodings = 0;
			knownRegions = (
				en,
				Base,
			);
			mainGroup = 5E9FF17A1F79636E00283FBD;
			productRefGroup = 5E9FF1841F79636E00283FBD /* Products */;
			projectDirPath = "";
			projectRoot = "";
			targets = (
				5E9FF1821F79636E00283FBD /* MemoryForYou */,
			);
		};
/* End PBXProject section */

/* Begin PBXResourcesBuildPhase section */
		5E9FF1811F79636E00283FBD /* Resources */ = {
			isa = PBXResourcesBuildPhase;
			buildActionMask = 2147483647;
			files = (
				5E9FF1931F79636E00283FBD /* LaunchScreen.storyboard in Resources */,
				5E9FF1901F79636E00283FBD /* Assets.xcassets in Resources */,
				5E9FF18E1F79636E00283FBD /* Main.storyboard in Resources */,
			);
			runOnlyForDeploymentPostprocessing = 0;
		};
/* End PBXResourcesBuildPhase section */

/* Begin PBXSourcesBuildPhase section */
		5E9FF17F1F79636E00283FBD /* Sources */ = {
			isa = PBXSourcesBuildPhase;
			buildActionMask = 2147483647;
			files = (
				5E9FF18B1F79636E00283FBD /* ViewController.m in Sources */,
				5E9FF1961F79636E00283FBD /* main.m in Sources */,
				5E9FF1881F79636E00283FBD /* AppDelegate.m in Sources */,
			);
			runOnlyForDeploymentPostprocessing = 0;
		};
/* End PBXSourcesBuildPhase section */

/* Begin PBXVariantGroup section */
		5E9FF18C1F79636E00283FBD /* Main.storyboard */ = {
			isa = PBXVariantGroup;
			children = (
				5E9FF18D1F79636E00283FBD /* Base */,
			);
			name = Main.storyboard;
			sourceTree = "<group>";
		};
		5E9FF1911F79636E00283FBD /* LaunchScreen.storyboard */ = {
			isa = PBXVariantGroup;
			children = (
				5E9FF1921F79636E00283FBD /* Base */,
			);
			name = LaunchScreen.storyboard;
			sourceTree = "<group>";
		};
/* End PBXVariantGroup section */

/* Begin XCBuildConfiguration section */
		5E9FF1971F79636E00283FBD /* Debug */ = {
			isa = XCBuildConfiguration;
			buildSettings = {
				ALWAYS_SEARCH_USER_PATHS = NO;
				CLANG_ANALYZER_NONNULL = YES;
				CLANG_ANALYZER_NUMBER_OBJECT_CONVERSION = YES_AGGRESSIVE;
				CLANG_CXX_LANGUAGE_STANDARD = "gnu++14";
				CLANG_CXX_LIBRARY = "libc++";
				CLANG_ENABLE_MODULES = YES;
				CLANG_ENABLE_OBJC_ARC = YES;
				CLANG_WARN_BLOCK_CAPTURE_AUTORELEASING = YES;
				CLANG_WARN_BOOL_CONVERSION = YES;
				CLANG_WARN_COMMA = YES;
				CLANG_WARN_CONSTANT_CONVERSION = YES;
				CLANG_WARN_DIRECT_OBJC_ISA_USAGE = YES_ERROR;
				CLANG_WARN_DOCUMENTATION_COMMENTS = YES;
				CLANG_WARN_EMPTY_BODY = YES;
				CLANG_WARN_ENUM_CONVERSION = YES;
				CLANG_WARN_INFINITE_RECURSION = YES;
				CLANG_WARN_INT_CONVERSION = YES;
				CLANG_WARN_NON_LITERAL_NULL_CONVERSION = YES;
				CLANG_WARN_OBJC_LITERAL_CONVERSION = YES;
				CLANG_WARN_OBJC_ROOT_CLASS = YES_ERROR;
				CLANG_WARN_RANGE_LOOP_ANALYSIS = YES;
				CLANG_WARN_STRICT_PROTOTYPES = YES;
				CLANG_WARN_SUSPICIOUS_MOVE = YES;
				CLANG_WARN_UNGUARDED_AVAILABILITY = YES_AGGRESSIVE;
				CLANG_WARN_UNREACHABLE_CODE = YES;
				CLANG_WARN__DUPLICATE_METHOD_MATCH = YES;
				CODE_SIGN_IDENTITY = "iPhone Developer";
				COPY_PHASE_STRIP = NO;
				DEBUG_INFORMATION_FORMAT = dwarf;
				ENABLE_STRICT_OBJC_MSGSEND = YES;
				ENABLE_TESTABILITY = YES;
				GCC_C_LANGUAGE_STANDARD = gnu11;
				GCC_DYNAMIC_NO_PIC = NO;
				GCC_NO_COMMON_BLOCKS = YES;
				GCC_OPTIMIZATION_LEVEL = 0;
				GCC_PREPROCESSOR_DEFINITIONS = (
					"DEBUG=1",
					"$(inherited)",
				);
				GCC_WARN_64_TO_32_BIT_CONVERSION = YES;
				GCC_WARN_ABOUT_RETURN_TYPE = YES_ERROR;
				GCC_WARN_UNDECLARED_SELECTOR = YES;
				GCC_WARN_UNINITIALIZED_AUTOS = YES_AGGRESSIVE;
				GCC_WARN_UNUSED_FUNCTION = YES;
				GCC_WARN_UNUSED_VARIABLE = YES;
				IPHONEOS_DEPLOYMENT_TARGET = 11.0;
				MTL_ENABLE_DEBUG_INFO = YES;
				ONLY_ACTIVE_ARCH = YES;
				SDKROOT = iphoneos;
			};
			name = Debug;
		};
		5E9FF1981F79636E00283FBD /* Release */ = {
			isa = XCBuildConfiguration;
			buildSettings = {
				ALWAYS_SEARCH_USER_PATHS = NO;
				CLANG_ANALYZER_NONNULL = YES;
				CLANG_ANALYZER_NUMBER_OBJECT_CONVERSION = YES_AGGRESSIVE;
				CLANG_CXX_LANGUAGE_STANDARD = "gnu++14";
				CLANG_CXX_LIBRARY = "libc++";
				CLANG_ENABLE_MODULES = YES;
				CLANG_ENABLE_OBJC_ARC = YES;
				CLANG_WARN_BLOCK_CAPTURE_AUTORELEASING = YES;
				CLANG_WARN_BOOL_CONVERSION = YES;
				CLANG_WARN_COMMA = YES;
				CLANG_WARN_CONSTANT_CONVERSION = YES;
				CLANG_WARN_DIRECT_OBJC_ISA_USAGE = YES_ERROR;
				CLANG_WARN_DOCUMENTATION_COMMENTS = YES;
				CLANG_WARN_EMPTY_BODY = YES;
				CLANG_WARN_ENUM_CONVERSION = YES;
				CLANG_WARN_INFINITE_RECURSION = YES;
				CLANG_WARN_INT_CONVERSION = YES;
				CLANG_WARN_NON_LITERAL_NULL_CONVERSION = YES;
				CLANG_WARN_OBJC_LITERAL_CONVERSION = YES;
				CLANG_WARN_OBJC_ROOT_CLASS = YES_ERROR;
				CLANG_WARN_RANGE_LOOP_ANALYSIS = YES;
				CLANG_WARN_STRICT_PROTOTYPES = YES;
				CLANG_WARN_SUSPICIOUS_MOVE = YES;
				CLANG_WARN_UNGUARDED_AVAILABILITY = YES_AGGRESSIVE;
				CLANG_WARN_UNREACHABLE_CODE = YES;
				CLANG_WARN__DUPLICATE_METHOD_MATCH = YES;
				CODE_SIGN_IDENTITY = "iPhone Developer";
				COPY_PHASE_STRIP = NO;
				DEBUG_INFORMATION_FORMAT = "dwarf-with-dsym";
				ENABLE_NS_ASSERTIONS = NO;
				ENABLE_STRICT_OBJC_MSGSEND = YES;
				GCC_C_LANGUAGE_STANDARD = gnu11;
				GCC_NO_COMMON_BLOCKS = YES;
				GCC_WARN_64_TO_32_BIT_CONVERSION = YES;
				GCC_WARN_ABOUT_RETURN_TYPE = YES_ERROR;
				GCC_WARN_UNDECLARED_SELECTOR = YES;
				GCC_WARN_UNINITIALIZED_AUTOS = YES_AGGRESSIVE;
				GCC_WARN_UNUSED_FUNCTION = YES;
				GCC_WARN_UNUSED_VARIABLE = YES;
				IPHONEOS_DEPLOYMENT_TARGET = 11.0;
				MTL_ENABLE_DEBUG_INFO = NO;
				SDKROOT = iphoneos;
				VALIDATE_PRODUCT = YES;
			};
			name = Release;
		};
		5E9FF19A1F79636E00283FBD /* Debug */ = {
			isa = XCBuildConfiguration;
			buildSettings = {
				ASSETCATALOG_COMPILER_APPICON_NAME = AppIcon;
				CODE_SIGN_STYLE = Automatic;
				DEVELOPMENT_TEAM = TW4V35KEW8;
				INFOPLIST_FILE = MemoryForYou/Info.plist;
				LD_RUNPATH_SEARCH_PATHS = "$(inherited) @executable_path/Frameworks";
				PRODUCT_BUNDLE_IDENTIFIER = com.Memory.MemoryForYou;
				PRODUCT_NAME = "$(TARGET_NAME)";
				TARGETED_DEVICE_FAMILY = "1,2";
			};
			name = Debug;
		};
		5E9FF19B1F79636E00283FBD /* Release */ = {
			isa = XCBuildConfiguration;
			buildSettings = {
				ASSETCATALOG_COMPILER_APPICON_NAME = AppIcon;
				CODE_SIGN_STYLE = Automatic;
				DEVELOPMENT_TEAM = TW4V35KEW8;
				INFOPLIST_FILE = MemoryForYou/Info.plist;
				LD_RUNPATH_SEARCH_PATHS = "$(inherited) @executable_path/Frameworks";
				PRODUCT_BUNDLE_IDENTIFIER = com.Memory.MemoryForYou;
				PRODUCT_NAME = "$(TARGET_NAME)";
				TARGETED_DEVICE_FAMILY = "1,2";
			};
			name = Release;
		};
/* End XCBuildConfiguration section */

/* Begin XCConfigurationList section */
		5E9FF17E1F79636E00283FBD /* Build configuration list for PBXProject "MemoryForYou" */ = {
			isa = XCConfigurationList;
			buildConfigurations = (
				5E9FF1971F79636E00283FBD /* Debug */,
				5E9FF1981F79636E00283FBD /* Release */,
			);
			defaultConfigurationIsVisible = 0;
			defaultConfigurationName = Release;
		};
		5E9FF1991F79636E00283FBD /* Build configuration list for PBXNativeTarget "MemoryForYou" */ = {
			isa = XCConfigurationList;
			buildConfigurations = (
				5E9FF19A1F79636E00283FBD /* Debug */,
				5E9FF19B1F79636E00283FBD /* Release */,
			);
			defaultConfigurationIsVisible = 0;
			defaultConfigurationName = Release;
		};
/* End XCConfigurationList section */
	};
	rootObject = 5E9FF17B1F79636E00283FBD /* Project object */;
}
