// !$*UTF8*$!
{
	archiveVersion = 1;
	classes = {
	};
	objectVersion = 48;
	objects = {

/* Begin PBXBuildFile section */
		5E371E871FAABBBB009D8026 /* MXBaseNavigationController.m in Sources */ = {isa = PBXBuildFile; fileRef = 5E371E861FAABBBA009D8026 /* MXBaseNavigationController.m */; };
		5E371E8A1FAABBCE009D8026 /* MXTableViewController.m in Sources */ = {isa = PBXBuildFile; fileRef = 5E371E891FAABBCE009D8026 /* MXTableViewController.m */; };
		5E371E8E1FAAFF2A009D8026 /* MXImagePickerViewController.m in Sources */ = {isa = PBXBuildFile; fileRef = 5E371E8D1FAAFF2A009D8026 /* MXImagePickerViewController.m */; };
		5E371E941FAB001E009D8026 /* MXImagePickerCollectionViewCell.m in Sources */ = {isa = PBXBuildFile; fileRef = 5E371E931FAB001E009D8026 /* MXImagePickerCollectionViewCell.m */; };
		5E371E971FAB252F009D8026 /* MXPhotoPickerCollectionViewFlowLayout.m in Sources */ = {isa = PBXBuildFile; fileRef = 5E371E961FAB252F009D8026 /* MXPhotoPickerCollectionViewFlowLayout.m */; };
		5E59BA201FD90FD60090CB12 /* rzjt.MP4 in Resources */ = {isa = PBXBuildFile; fileRef = 5E59BA1F1FD90FD60090CB12 /* rzjt.MP4 */; };
		5E6C42F41FB2B31A00C99D39 /* MXImagePreviewViewController.m in Sources */ = {isa = PBXBuildFile; fileRef = 5E6C42F31FB2B31A00C99D39 /* MXImagePreviewViewController.m */; };
		5E6C42F71FB3F81000C99D39 /* MXImage3DPreviewViewController.m in Sources */ = {isa = PBXBuildFile; fileRef = 5E6C42F61FB3F81000C99D39 /* MXImage3DPreviewViewController.m */; };
		5E83E9CF1FBA80C3009A5C5C /* MXImagePreviewAnimator.m in Sources */ = {isa = PBXBuildFile; fileRef = 5E83E9CE1FBA80C3009A5C5C /* MXImagePreviewAnimator.m */; };
		5E83E9D21FBAD05A009A5C5C /* MXBaseNavAnimationTransition.m in Sources */ = {isa = PBXBuildFile; fileRef = 5E83E9D11FBAD05A009A5C5C /* MXBaseNavAnimationTransition.m */; };
		5E83E9D51FBAD116009A5C5C /* MXImagePreviewAnimationTransition.m in Sources */ = {isa = PBXBuildFile; fileRef = 5E83E9D41FBAD116009A5C5C /* MXImagePreviewAnimationTransition.m */; };
		5E83E9D81FBBD4AA009A5C5C /* MXImagePreviewPopAnimator.m in Sources */ = {isa = PBXBuildFile; fileRef = 5E83E9D71FBBD4AA009A5C5C /* MXImagePreviewPopAnimator.m */; };
		5E83E9DF1FBBD581009A5C5C /* MXStringConstant.m in Sources */ = {isa = PBXBuildFile; fileRef = 5E83E9DE1FBBD581009A5C5C /* MXStringConstant.m */; };
		5E83E9E71FBBEAE8009A5C5C /* MXBaseNavPercentDrivenInteractiveTransition.m in Sources */ = {isa = PBXBuildFile; fileRef = 5E83E9E61FBBEAE8009A5C5C /* MXBaseNavPercentDrivenInteractiveTransition.m */; };
		5E83E9EA1FBBEB47009A5C5C /* MXImagePreviewPercentDrivenInteractiveTransition.m in Sources */ = {isa = PBXBuildFile; fileRef = 5E83E9E91FBBEB47009A5C5C /* MXImagePreviewPercentDrivenInteractiveTransition.m */; };
		5E83E9ED1FBBEF1E009A5C5C /* MXBaseNavAnimator.m in Sources */ = {isa = PBXBuildFile; fileRef = 5E83E9EC1FBBEF1E009A5C5C /* MXBaseNavAnimator.m */; };
		5E83E9F41FC6C04A009A5C5C /* MXImagePickerBottomView.m in Sources */ = {isa = PBXBuildFile; fileRef = 5E83E9F31FC6C04A009A5C5C /* MXImagePickerBottomView.m */; };
		5E83E9F71FC6F452009A5C5C /* MXImagePickerBottomCollectionViewFlowLayout.m in Sources */ = {isa = PBXBuildFile; fileRef = 5E83E9F61FC6F452009A5C5C /* MXImagePickerBottomCollectionViewFlowLayout.m */; };
		5E83E9FA1FC6F486009A5C5C /* MXImagePickerBottomCollectionViewCell.m in Sources */ = {isa = PBXBuildFile; fileRef = 5E83E9F91FC6F486009A5C5C /* MXImagePickerBottomCollectionViewCell.m */; };
		5E9FF1881F79636E00283FBD /* MXAppDelegate.m in Sources */ = {isa = PBXBuildFile; fileRef = 5E9FF1871F79636E00283FBD /* MXAppDelegate.m */; };
		5E9FF1901F79636E00283FBD /* Assets.xcassets in Resources */ = {isa = PBXBuildFile; fileRef = 5E9FF18F1F79636E00283FBD /* Assets.xcassets */; };
		5E9FF1961F79636E00283FBD /* main.m in Sources */ = {isa = PBXBuildFile; fileRef = 5E9FF1951F79636E00283FBD /* main.m */; };
		5EA606D11FED316500F81113 /* MXFilterUtil.m in Sources */ = {isa = PBXBuildFile; fileRef = 5EA606D01FED316500F81113 /* MXFilterUtil.m */; };
		5EA606D31FED33DA00F81113 /* GLKit.framework in Frameworks */ = {isa = PBXBuildFile; fileRef = 5EA606D21FED33DA00F81113 /* GLKit.framework */; };
		5EA606D51FED33EC00F81113 /* OpenGLES.framework in Frameworks */ = {isa = PBXBuildFile; fileRef = 5EA606D41FED33EC00F81113 /* OpenGLES.framework */; };
		5EA606D71FED340800F81113 /* CoreImage.framework in Frameworks */ = {isa = PBXBuildFile; fileRef = 5EA606D61FED340800F81113 /* CoreImage.framework */; };
		5EA606D91FED341000F81113 /* CoreGraphics.framework in Frameworks */ = {isa = PBXBuildFile; fileRef = 5EA606D81FED341000F81113 /* CoreGraphics.framework */; };
		5EA606DC1FED345C00F81113 /* MXImageRenderView.m in Sources */ = {isa = PBXBuildFile; fileRef = 5EA606DB1FED345C00F81113 /* MXImageRenderView.m */; };
		5EA606DF1FED395000F81113 /* MXImageRenderViewController.m in Sources */ = {isa = PBXBuildFile; fileRef = 5EA606DE1FED395000F81113 /* MXImageRenderViewController.m */; };
		5EA606E81FF1136C00F81113 /* MXBaseFilterModel.m in Sources */ = {isa = PBXBuildFile; fileRef = 5EA606E71FF1136C00F81113 /* MXBaseFilterModel.m */; };
		5EA606EB1FF1E14100F81113 /* MXTransitonFilterModel.m in Sources */ = {isa = PBXBuildFile; fileRef = 5EA606EA1FF1E14100F81113 /* MXTransitonFilterModel.m */; };
		5EA606F01FF1EF3900F81113 /* MXVideoModel.m in Sources */ = {isa = PBXBuildFile; fileRef = 5EA606EF1FF1EF3900F81113 /* MXVideoModel.m */; };
		5EAFA9581FD7965800F9B9F3 /* MXVideoUtil.m in Sources */ = {isa = PBXBuildFile; fileRef = 5EAFA9571FD7965800F9B9F3 /* MXVideoUtil.m */; };
		5EAFA9671FD90D4600F9B9F3 /* LLAVPlayerItem.m in Sources */ = {isa = PBXBuildFile; fileRef = 5EAFA95E1FD90D4600F9B9F3 /* LLAVPlayerItem.m */; };
		5EAFA9681FD90D4600F9B9F3 /* LLAVPlayerView.m in Sources */ = {isa = PBXBuildFile; fileRef = 5EAFA95F1FD90D4600F9B9F3 /* LLAVPlayerView.m */; };
		5EAFA96B1FD90D4600F9B9F3 /* UIImage+LLAVPlayer.m in Sources */ = {isa = PBXBuildFile; fileRef = 5EAFA9641FD90D4600F9B9F3 /* UIImage+LLAVPlayer.m */; };
		5EBAF2FD1F7F6D5300C627CA /* MXBaseViewController.m in Sources */ = {isa = PBXBuildFile; fileRef = 5EBAF2FC1F7F6D5300C627CA /* MXBaseViewController.m */; };
		5EBAF3001F7F6D8A00C627CA /* MXAudioPlayViewController.m in Sources */ = {isa = PBXBuildFile; fileRef = 5EBAF2FF1F7F6D8A00C627CA /* MXAudioPlayViewController.m */; };
		5EBAF3061F7F72B100C627CA /* MXPhotoUtil.m in Sources */ = {isa = PBXBuildFile; fileRef = 5EBAF3051F7F72B100C627CA /* MXPhotoUtil.m */; };
		5ED393A21FF3407500882FBA /* MXImageRenderViewController.storyboard in Resources */ = {isa = PBXBuildFile; fileRef = 5ED393A11FF3407500882FBA /* MXImageRenderViewController.storyboard */; };
		5ED393A81FF3C6EE00882FBA /* MXVisualEffectFilterModel.m in Sources */ = {isa = PBXBuildFile; fileRef = 5ED393A71FF3C6EE00882FBA /* MXVisualEffectFilterModel.m */; };
		5EFB253D1FAFF128006A50AA /* MXImageModel.m in Sources */ = {isa = PBXBuildFile; fileRef = 5EFB253C1FAFF128006A50AA /* MXImageModel.m */; };
		B150D64DE5244FA58902E52D /* libPods-MemoryForYou.a in Frameworks */ = {isa = PBXBuildFile; fileRef = C87D5F742341887FED58B90E /* libPods-MemoryForYou.a */; };
/* End PBXBuildFile section */

/* Begin PBXFileReference section */
		336CC48A0C4577F4BC0C0FEB /* Pods-MemoryForYou.release.xcconfig */ = {isa = PBXFileReference; includeInIndex = 1; lastKnownFileType = text.xcconfig; name = "Pods-MemoryForYou.release.xcconfig"; path = "Pods/Target Support Files/Pods-MemoryForYou/Pods-MemoryForYou.release.xcconfig"; sourceTree = "<group>"; };
		5E371E851FAABBBA009D8026 /* MXBaseNavigationController.h */ = {isa = PBXFileReference; lastKnownFileType = sourcecode.c.h; path = MXBaseNavigationController.h; sourceTree = "<group>"; };
		5E371E861FAABBBA009D8026 /* MXBaseNavigationController.m */ = {isa = PBXFileReference; lastKnownFileType = sourcecode.c.objc; path = MXBaseNavigationController.m; sourceTree = "<group>"; };
		5E371E881FAABBCE009D8026 /* MXTableViewController.h */ = {isa = PBXFileReference; lastKnownFileType = sourcecode.c.h; path = MXTableViewController.h; sourceTree = "<group>"; };
		5E371E891FAABBCE009D8026 /* MXTableViewController.m */ = {isa = PBXFileReference; lastKnownFileType = sourcecode.c.objc; path = MXTableViewController.m; sourceTree = "<group>"; };
		5E371E8C1FAAFF2A009D8026 /* MXImagePickerViewController.h */ = {isa = PBXFileReference; lastKnownFileType = sourcecode.c.h; path = MXImagePickerViewController.h; sourceTree = "<group>"; };
		5E371E8D1FAAFF2A009D8026 /* MXImagePickerViewController.m */ = {isa = PBXFileReference; lastKnownFileType = sourcecode.c.objc; path = MXImagePickerViewController.m; sourceTree = "<group>"; };
		5E371E921FAB001E009D8026 /* MXImagePickerCollectionViewCell.h */ = {isa = PBXFileReference; lastKnownFileType = sourcecode.c.h; path = MXImagePickerCollectionViewCell.h; sourceTree = "<group>"; };
		5E371E931FAB001E009D8026 /* MXImagePickerCollectionViewCell.m */ = {isa = PBXFileReference; lastKnownFileType = sourcecode.c.objc; path = MXImagePickerCollectionViewCell.m; sourceTree = "<group>"; };
		5E371E951FAB252F009D8026 /* MXPhotoPickerCollectionViewFlowLayout.h */ = {isa = PBXFileReference; lastKnownFileType = sourcecode.c.h; path = MXPhotoPickerCollectionViewFlowLayout.h; sourceTree = "<group>"; };
		5E371E961FAB252F009D8026 /* MXPhotoPickerCollectionViewFlowLayout.m */ = {isa = PBXFileReference; lastKnownFileType = sourcecode.c.objc; path = MXPhotoPickerCollectionViewFlowLayout.m; sourceTree = "<group>"; };
		5E59BA1F1FD90FD60090CB12 /* rzjt.MP4 */ = {isa = PBXFileReference; lastKnownFileType = file; path = rzjt.MP4; sourceTree = "<group>"; };
		5E6C42F21FB2B31A00C99D39 /* MXImagePreviewViewController.h */ = {isa = PBXFileReference; lastKnownFileType = sourcecode.c.h; path = MXImagePreviewViewController.h; sourceTree = "<group>"; };
		5E6C42F31FB2B31A00C99D39 /* MXImagePreviewViewController.m */ = {isa = PBXFileReference; lastKnownFileType = sourcecode.c.objc; path = MXImagePreviewViewController.m; sourceTree = "<group>"; };
		5E6C42F51FB3F81000C99D39 /* MXImage3DPreviewViewController.h */ = {isa = PBXFileReference; lastKnownFileType = sourcecode.c.h; path = MXImage3DPreviewViewController.h; sourceTree = "<group>"; };
		5E6C42F61FB3F81000C99D39 /* MXImage3DPreviewViewController.m */ = {isa = PBXFileReference; lastKnownFileType = sourcecode.c.objc; path = MXImage3DPreviewViewController.m; sourceTree = "<group>"; };
		5E83E9CD1FBA80C3009A5C5C /* MXImagePreviewAnimator.h */ = {isa = PBXFileReference; lastKnownFileType = sourcecode.c.h; path = MXImagePreviewAnimator.h; sourceTree = "<group>"; };
		5E83E9CE1FBA80C3009A5C5C /* MXImagePreviewAnimator.m */ = {isa = PBXFileReference; lastKnownFileType = sourcecode.c.objc; path = MXImagePreviewAnimator.m; sourceTree = "<group>"; };
		5E83E9D01FBAD05A009A5C5C /* MXBaseNavAnimationTransition.h */ = {isa = PBXFileReference; lastKnownFileType = sourcecode.c.h; path = MXBaseNavAnimationTransition.h; sourceTree = "<group>"; };
		5E83E9D11FBAD05A009A5C5C /* MXBaseNavAnimationTransition.m */ = {isa = PBXFileReference; lastKnownFileType = sourcecode.c.objc; path = MXBaseNavAnimationTransition.m; sourceTree = "<group>"; };
		5E83E9D31FBAD116009A5C5C /* MXImagePreviewAnimationTransition.h */ = {isa = PBXFileReference; lastKnownFileType = sourcecode.c.h; path = MXImagePreviewAnimationTransition.h; sourceTree = "<group>"; };
		5E83E9D41FBAD116009A5C5C /* MXImagePreviewAnimationTransition.m */ = {isa = PBXFileReference; lastKnownFileType = sourcecode.c.objc; path = MXImagePreviewAnimationTransition.m; sourceTree = "<group>"; };
		5E83E9D61FBBD4AA009A5C5C /* MXImagePreviewPopAnimator.h */ = {isa = PBXFileReference; lastKnownFileType = sourcecode.c.h; path = MXImagePreviewPopAnimator.h; sourceTree = "<group>"; };
		5E83E9D71FBBD4AA009A5C5C /* MXImagePreviewPopAnimator.m */ = {isa = PBXFileReference; lastKnownFileType = sourcecode.c.objc; path = MXImagePreviewPopAnimator.m; sourceTree = "<group>"; };
		5E83E9D91FBBD533009A5C5C /* MXConstant.h */ = {isa = PBXFileReference; lastKnownFileType = sourcecode.c.h; path = MXConstant.h; sourceTree = "<group>"; };
		5E83E9DD1FBBD581009A5C5C /* MXStringConstant.h */ = {isa = PBXFileReference; lastKnownFileType = sourcecode.c.h; path = MXStringConstant.h; sourceTree = "<group>"; };
		5E83E9DE1FBBD581009A5C5C /* MXStringConstant.m */ = {isa = PBXFileReference; lastKnownFileType = sourcecode.c.objc; path = MXStringConstant.m; sourceTree = "<group>"; };
		5E83E9E01FBBD58E009A5C5C /* MXThemeConstant.h */ = {isa = PBXFileReference; lastKnownFileType = sourcecode.c.h; path = MXThemeConstant.h; sourceTree = "<group>"; };
		5E83E9E51FBBEAE8009A5C5C /* MXBaseNavPercentDrivenInteractiveTransition.h */ = {isa = PBXFileReference; lastKnownFileType = sourcecode.c.h; path = MXBaseNavPercentDrivenInteractiveTransition.h; sourceTree = "<group>"; };
		5E83E9E61FBBEAE8009A5C5C /* MXBaseNavPercentDrivenInteractiveTransition.m */ = {isa = PBXFileReference; lastKnownFileType = sourcecode.c.objc; path = MXBaseNavPercentDrivenInteractiveTransition.m; sourceTree = "<group>"; };
		5E83E9E81FBBEB47009A5C5C /* MXImagePreviewPercentDrivenInteractiveTransition.h */ = {isa = PBXFileReference; lastKnownFileType = sourcecode.c.h; path = MXImagePreviewPercentDrivenInteractiveTransition.h; sourceTree = "<group>"; };
		5E83E9E91FBBEB47009A5C5C /* MXImagePreviewPercentDrivenInteractiveTransition.m */ = {isa = PBXFileReference; lastKnownFileType = sourcecode.c.objc; path = MXImagePreviewPercentDrivenInteractiveTransition.m; sourceTree = "<group>"; };
		5E83E9EB1FBBEF1E009A5C5C /* MXBaseNavAnimator.h */ = {isa = PBXFileReference; lastKnownFileType = sourcecode.c.h; path = MXBaseNavAnimator.h; sourceTree = "<group>"; };
		5E83E9EC1FBBEF1E009A5C5C /* MXBaseNavAnimator.m */ = {isa = PBXFileReference; lastKnownFileType = sourcecode.c.objc; path = MXBaseNavAnimator.m; sourceTree = "<group>"; };
		5E83E9F11FBC2178009A5C5C /* MXImageModel+MXCellFrame.h */ = {isa = PBXFileReference; lastKnownFileType = sourcecode.c.h; path = "MXImageModel+MXCellFrame.h"; sourceTree = "<group>"; };
		5E83E9F21FC6C04A009A5C5C /* MXImagePickerBottomView.h */ = {isa = PBXFileReference; lastKnownFileType = sourcecode.c.h; path = MXImagePickerBottomView.h; sourceTree = "<group>"; };
		5E83E9F31FC6C04A009A5C5C /* MXImagePickerBottomView.m */ = {isa = PBXFileReference; lastKnownFileType = sourcecode.c.objc; path = MXImagePickerBottomView.m; sourceTree = "<group>"; };
		5E83E9F51FC6F452009A5C5C /* MXImagePickerBottomCollectionViewFlowLayout.h */ = {isa = PBXFileReference; lastKnownFileType = sourcecode.c.h; path = MXImagePickerBottomCollectionViewFlowLayout.h; sourceTree = "<group>"; };
		5E83E9F61FC6F452009A5C5C /* MXImagePickerBottomCollectionViewFlowLayout.m */ = {isa = PBXFileReference; lastKnownFileType = sourcecode.c.objc; path = MXImagePickerBottomCollectionViewFlowLayout.m; sourceTree = "<group>"; };
		5E83E9F81FC6F486009A5C5C /* MXImagePickerBottomCollectionViewCell.h */ = {isa = PBXFileReference; lastKnownFileType = sourcecode.c.h; path = MXImagePickerBottomCollectionViewCell.h; sourceTree = "<group>"; };
		5E83E9F91FC6F486009A5C5C /* MXImagePickerBottomCollectionViewCell.m */ = {isa = PBXFileReference; lastKnownFileType = sourcecode.c.objc; path = MXImagePickerBottomCollectionViewCell.m; sourceTree = "<group>"; };
		5E9FF1831F79636E00283FBD /* MemoryForYou.app */ = {isa = PBXFileReference; explicitFileType = wrapper.application; includeInIndex = 0; path = MemoryForYou.app; sourceTree = BUILT_PRODUCTS_DIR; };
		5E9FF1861F79636E00283FBD /* MXAppDelegate.h */ = {isa = PBXFileReference; lastKnownFileType = sourcecode.c.h; path = MXAppDelegate.h; sourceTree = "<group>"; };
		5E9FF1871F79636E00283FBD /* MXAppDelegate.m */ = {isa = PBXFileReference; lastKnownFileType = sourcecode.c.objc; path = MXAppDelegate.m; sourceTree = "<group>"; };
		5E9FF18F1F79636E00283FBD /* Assets.xcassets */ = {isa = PBXFileReference; lastKnownFileType = folder.assetcatalog; path = Assets.xcassets; sourceTree = "<group>"; };
		5E9FF1941F79636E00283FBD /* Info.plist */ = {isa = PBXFileReference; lastKnownFileType = text.plist.xml; path = Info.plist; sourceTree = "<group>"; };
		5E9FF1951F79636E00283FBD /* main.m */ = {isa = PBXFileReference; lastKnownFileType = sourcecode.c.objc; path = main.m; sourceTree = "<group>"; };
		5EA606CF1FED316500F81113 /* MXFilterUtil.h */ = {isa = PBXFileReference; lastKnownFileType = sourcecode.c.h; path = MXFilterUtil.h; sourceTree = "<group>"; };
		5EA606D01FED316500F81113 /* MXFilterUtil.m */ = {isa = PBXFileReference; lastKnownFileType = sourcecode.c.objc; path = MXFilterUtil.m; sourceTree = "<group>"; };
		5EA606D21FED33DA00F81113 /* GLKit.framework */ = {isa = PBXFileReference; lastKnownFileType = wrapper.framework; name = GLKit.framework; path = System/Library/Frameworks/GLKit.framework; sourceTree = SDKROOT; };
		5EA606D41FED33EC00F81113 /* OpenGLES.framework */ = {isa = PBXFileReference; lastKnownFileType = wrapper.framework; name = OpenGLES.framework; path = System/Library/Frameworks/OpenGLES.framework; sourceTree = SDKROOT; };
		5EA606D61FED340800F81113 /* CoreImage.framework */ = {isa = PBXFileReference; lastKnownFileType = wrapper.framework; name = CoreImage.framework; path = System/Library/Frameworks/CoreImage.framework; sourceTree = SDKROOT; };
		5EA606D81FED341000F81113 /* CoreGraphics.framework */ = {isa = PBXFileReference; lastKnownFileType = wrapper.framework; name = CoreGraphics.framework; path = System/Library/Frameworks/CoreGraphics.framework; sourceTree = SDKROOT; };
		5EA606DA1FED345C00F81113 /* MXImageRenderView.h */ = {isa = PBXFileReference; lastKnownFileType = sourcecode.c.h; path = MXImageRenderView.h; sourceTree = "<group>"; };
		5EA606DB1FED345C00F81113 /* MXImageRenderView.m */ = {isa = PBXFileReference; lastKnownFileType = sourcecode.c.objc; path = MXImageRenderView.m; sourceTree = "<group>"; };
		5EA606DD1FED395000F81113 /* MXImageRenderViewController.h */ = {isa = PBXFileReference; lastKnownFileType = sourcecode.c.h; path = MXImageRenderViewController.h; sourceTree = "<group>"; };
		5EA606DE1FED395000F81113 /* MXImageRenderViewController.m */ = {isa = PBXFileReference; lastKnownFileType = sourcecode.c.objc; path = MXImageRenderViewController.m; sourceTree = "<group>"; };
		5EA606E61FF1136C00F81113 /* MXBaseFilterModel.h */ = {isa = PBXFileReference; lastKnownFileType = sourcecode.c.h; path = MXBaseFilterModel.h; sourceTree = "<group>"; };
		5EA606E71FF1136C00F81113 /* MXBaseFilterModel.m */ = {isa = PBXFileReference; lastKnownFileType = sourcecode.c.objc; path = MXBaseFilterModel.m; sourceTree = "<group>"; };
		5EA606E91FF1E14100F81113 /* MXTransitonFilterModel.h */ = {isa = PBXFileReference; lastKnownFileType = sourcecode.c.h; path = MXTransitonFilterModel.h; sourceTree = "<group>"; };
		5EA606EA1FF1E14100F81113 /* MXTransitonFilterModel.m */ = {isa = PBXFileReference; lastKnownFileType = sourcecode.c.objc; path = MXTransitonFilterModel.m; sourceTree = "<group>"; };
		5EA606EE1FF1EF3900F81113 /* MXVideoModel.h */ = {isa = PBXFileReference; lastKnownFileType = sourcecode.c.h; path = MXVideoModel.h; sourceTree = "<group>"; };
		5EA606EF1FF1EF3900F81113 /* MXVideoModel.m */ = {isa = PBXFileReference; lastKnownFileType = sourcecode.c.objc; path = MXVideoModel.m; sourceTree = "<group>"; };
		5EAFA9561FD7965800F9B9F3 /* MXVideoUtil.h */ = {isa = PBXFileReference; lastKnownFileType = sourcecode.c.h; path = MXVideoUtil.h; sourceTree = "<group>"; };
		5EAFA9571FD7965800F9B9F3 /* MXVideoUtil.m */ = {isa = PBXFileReference; lastKnownFileType = sourcecode.c.objc; path = MXVideoUtil.m; sourceTree = "<group>"; };
		5EAFA95E1FD90D4600F9B9F3 /* LLAVPlayerItem.m */ = {isa = PBXFileReference; fileEncoding = 4; lastKnownFileType = sourcecode.c.objc; path = LLAVPlayerItem.m; sourceTree = "<group>"; };
		5EAFA95F1FD90D4600F9B9F3 /* LLAVPlayerView.m */ = {isa = PBXFileReference; fileEncoding = 4; lastKnownFileType = sourcecode.c.objc; path = LLAVPlayerView.m; sourceTree = "<group>"; };
		5EAFA9601FD90D4600F9B9F3 /* UIImage+LLAVPlayer.h */ = {isa = PBXFileReference; fileEncoding = 4; lastKnownFileType = sourcecode.c.h; path = "UIImage+LLAVPlayer.h"; sourceTree = "<group>"; };
		5EAFA9611FD90D4600F9B9F3 /* LLAVPlayerItem.h */ = {isa = PBXFileReference; fileEncoding = 4; lastKnownFileType = sourcecode.c.h; path = LLAVPlayerItem.h; sourceTree = "<group>"; };
		5EAFA9641FD90D4600F9B9F3 /* UIImage+LLAVPlayer.m */ = {isa = PBXFileReference; fileEncoding = 4; lastKnownFileType = sourcecode.c.objc; path = "UIImage+LLAVPlayer.m"; sourceTree = "<group>"; };
		5EAFA9651FD90D4600F9B9F3 /* LLAVPlayerView.h */ = {isa = PBXFileReference; fileEncoding = 4; lastKnownFileType = sourcecode.c.h; path = LLAVPlayerView.h; sourceTree = "<group>"; };
		5EBAF2FB1F7F6D5300C627CA /* MXBaseViewController.h */ = {isa = PBXFileReference; lastKnownFileType = sourcecode.c.h; path = MXBaseViewController.h; sourceTree = "<group>"; };
		5EBAF2FC1F7F6D5300C627CA /* MXBaseViewController.m */ = {isa = PBXFileReference; lastKnownFileType = sourcecode.c.objc; path = MXBaseViewController.m; sourceTree = "<group>"; };
		5EBAF2FE1F7F6D8A00C627CA /* MXAudioPlayViewController.h */ = {isa = PBXFileReference; lastKnownFileType = sourcecode.c.h; path = MXAudioPlayViewController.h; sourceTree = "<group>"; };
		5EBAF2FF1F7F6D8A00C627CA /* MXAudioPlayViewController.m */ = {isa = PBXFileReference; lastKnownFileType = sourcecode.c.objc; path = MXAudioPlayViewController.m; sourceTree = "<group>"; };
		5EBAF3041F7F72B100C627CA /* MXPhotoUtil.h */ = {isa = PBXFileReference; lastKnownFileType = sourcecode.c.h; path = MXPhotoUtil.h; sourceTree = "<group>"; };
		5EBAF3051F7F72B100C627CA /* MXPhotoUtil.m */ = {isa = PBXFileReference; lastKnownFileType = sourcecode.c.objc; path = MXPhotoUtil.m; sourceTree = "<group>"; };
		5EC0236D1F9661B20094D65F /* Main.storyboard */ = {isa = PBXFileReference; lastKnownFileType = file.storyboard; path = Main.storyboard; sourceTree = "<group>"; };
		5EC0236E1F9661B20094D65F /* LaunchScreen.storyboard */ = {isa = PBXFileReference; lastKnownFileType = file.storyboard; path = LaunchScreen.storyboard; sourceTree = "<group>"; };
		5ED393A11FF3407500882FBA /* MXImageRenderViewController.storyboard */ = {isa = PBXFileReference; lastKnownFileType = file.storyboard; path = MXImageRenderViewController.storyboard; sourceTree = "<group>"; };
		5ED393A61FF3C6EE00882FBA /* MXVisualEffectFilterModel.h */ = {isa = PBXFileReference; lastKnownFileType = sourcecode.c.h; path = MXVisualEffectFilterModel.h; sourceTree = "<group>"; };
		5ED393A71FF3C6EE00882FBA /* MXVisualEffectFilterModel.m */ = {isa = PBXFileReference; lastKnownFileType = sourcecode.c.objc; path = MXVisualEffectFilterModel.m; sourceTree = "<group>"; };
		5EFB253B1FAFF128006A50AA /* MXImageModel.h */ = {isa = PBXFileReference; lastKnownFileType = sourcecode.c.h; path = MXImageModel.h; sourceTree = "<group>"; };
		5EFB253C1FAFF128006A50AA /* MXImageModel.m */ = {isa = PBXFileReference; lastKnownFileType = sourcecode.c.objc; path = MXImageModel.m; sourceTree = "<group>"; };
		5EFB25401FAFF469006A50AA /* MXPrefixHeader.pch */ = {isa = PBXFileReference; lastKnownFileType = sourcecode.c.h; path = MXPrefixHeader.pch; sourceTree = "<group>"; };
		C87D5F742341887FED58B90E /* libPods-MemoryForYou.a */ = {isa = PBXFileReference; explicitFileType = archive.ar; includeInIndex = 0; path = "libPods-MemoryForYou.a"; sourceTree = BUILT_PRODUCTS_DIR; };
		D588153A09E7C099B5B599C9 /* Pods-MemoryForYou.debug.xcconfig */ = {isa = PBXFileReference; includeInIndex = 1; lastKnownFileType = text.xcconfig; name = "Pods-MemoryForYou.debug.xcconfig"; path = "Pods/Target Support Files/Pods-MemoryForYou/Pods-MemoryForYou.debug.xcconfig"; sourceTree = "<group>"; };
/* End PBXFileReference section */

/* Begin PBXFrameworksBuildPhase section */
		5E9FF1801F79636E00283FBD /* Frameworks */ = {
			isa = PBXFrameworksBuildPhase;
			buildActionMask = 2147483647;
			files = (
				5EA606D91FED341000F81113 /* CoreGraphics.framework in Frameworks */,
				5EA606D71FED340800F81113 /* CoreImage.framework in Frameworks */,
				5EA606D51FED33EC00F81113 /* OpenGLES.framework in Frameworks */,
				5EA606D31FED33DA00F81113 /* GLKit.framework in Frameworks */,
				B150D64DE5244FA58902E52D /* libPods-MemoryForYou.a in Frameworks */,
			);
			runOnlyForDeploymentPostprocessing = 0;
		};
/* End PBXFrameworksBuildPhase section */

/* Begin PBXGroup section */
		5E371E8F1FAAFFD7009D8026 /* Controller */ = {
			isa = PBXGroup;
			children = (
				5EBAF2FE1F7F6D8A00C627CA /* MXAudioPlayViewController.h */,
				5EBAF2FF1F7F6D8A00C627CA /* MXAudioPlayViewController.m */,
				5E371E8C1FAAFF2A009D8026 /* MXImagePickerViewController.h */,
				5E371E8D1FAAFF2A009D8026 /* MXImagePickerViewController.m */,
				5E6C42F21FB2B31A00C99D39 /* MXImagePreviewViewController.h */,
				5E6C42F31FB2B31A00C99D39 /* MXImagePreviewViewController.m */,
				5E6C42F51FB3F81000C99D39 /* MXImage3DPreviewViewController.h */,
				5E6C42F61FB3F81000C99D39 /* MXImage3DPreviewViewController.m */,
				5EA606DD1FED395000F81113 /* MXImageRenderViewController.h */,
				5EA606DE1FED395000F81113 /* MXImageRenderViewController.m */,
				5ED393A11FF3407500882FBA /* MXImageRenderViewController.storyboard */,
			);
			path = Controller;
			sourceTree = "<group>";
		};
		5E371E901FAAFFE4009D8026 /* View */ = {
			isa = PBXGroup;
			children = (
				5E371E921FAB001E009D8026 /* MXImagePickerCollectionViewCell.h */,
				5E371E931FAB001E009D8026 /* MXImagePickerCollectionViewCell.m */,
				5E371E951FAB252F009D8026 /* MXPhotoPickerCollectionViewFlowLayout.h */,
				5E371E961FAB252F009D8026 /* MXPhotoPickerCollectionViewFlowLayout.m */,
				5E83E9F21FC6C04A009A5C5C /* MXImagePickerBottomView.h */,
				5E83E9F31FC6C04A009A5C5C /* MXImagePickerBottomView.m */,
				5E83E9F51FC6F452009A5C5C /* MXImagePickerBottomCollectionViewFlowLayout.h */,
				5E83E9F61FC6F452009A5C5C /* MXImagePickerBottomCollectionViewFlowLayout.m */,
				5E83E9F81FC6F486009A5C5C /* MXImagePickerBottomCollectionViewCell.h */,
				5E83E9F91FC6F486009A5C5C /* MXImagePickerBottomCollectionViewCell.m */,
				5EA606DA1FED345C00F81113 /* MXImageRenderView.h */,
				5EA606DB1FED345C00F81113 /* MXImageRenderView.m */,
			);
			path = View;
			sourceTree = "<group>";
		};
		5E371E911FAAFFEC009D8026 /* Model */ = {
			isa = PBXGroup;
			children = (
				5EA606ED1FF1E5D600F81113 /* Filter */,
				5EFB253B1FAFF128006A50AA /* MXImageModel.h */,
				5EFB253C1FAFF128006A50AA /* MXImageModel.m */,
				5E83E9F11FBC2178009A5C5C /* MXImageModel+MXCellFrame.h */,
			);
			path = Model;
			sourceTree = "<group>";
		};
		5E83E9C91FB94EB8009A5C5C /* Custom */ = {
			isa = PBXGroup;
			children = (
				5E83E9E31FBBE5C8009A5C5C /* AnimationTransition */,
			);
			path = Custom;
			sourceTree = "<group>";
		};
		5E83E9DC1FBBD53C009A5C5C /* Const */ = {
			isa = PBXGroup;
			children = (
				5E83E9D91FBBD533009A5C5C /* MXConstant.h */,
				5E83E9DD1FBBD581009A5C5C /* MXStringConstant.h */,
				5E83E9DE1FBBD581009A5C5C /* MXStringConstant.m */,
				5E83E9E01FBBD58E009A5C5C /* MXThemeConstant.h */,
			);
			path = Const;
			sourceTree = "<group>";
		};
		5E83E9E31FBBE5C8009A5C5C /* AnimationTransition */ = {
			isa = PBXGroup;
			children = (
				5E83E9E41FBBEA8F009A5C5C /* Base */,
				5E83E9CD1FBA80C3009A5C5C /* MXImagePreviewAnimator.h */,
				5E83E9CE1FBA80C3009A5C5C /* MXImagePreviewAnimator.m */,
				5E83E9D61FBBD4AA009A5C5C /* MXImagePreviewPopAnimator.h */,
				5E83E9D71FBBD4AA009A5C5C /* MXImagePreviewPopAnimator.m */,
				5E83E9D31FBAD116009A5C5C /* MXImagePreviewAnimationTransition.h */,
				5E83E9D41FBAD116009A5C5C /* MXImagePreviewAnimationTransition.m */,
				5E83E9E81FBBEB47009A5C5C /* MXImagePreviewPercentDrivenInteractiveTransition.h */,
				5E83E9E91FBBEB47009A5C5C /* MXImagePreviewPercentDrivenInteractiveTransition.m */,
			);
			path = AnimationTransition;
			sourceTree = "<group>";
		};
		5E83E9E41FBBEA8F009A5C5C /* Base */ = {
			isa = PBXGroup;
			children = (
				5E83E9D01FBAD05A009A5C5C /* MXBaseNavAnimationTransition.h */,
				5E83E9D11FBAD05A009A5C5C /* MXBaseNavAnimationTransition.m */,
				5E83E9E51FBBEAE8009A5C5C /* MXBaseNavPercentDrivenInteractiveTransition.h */,
				5E83E9E61FBBEAE8009A5C5C /* MXBaseNavPercentDrivenInteractiveTransition.m */,
				5E83E9EB1FBBEF1E009A5C5C /* MXBaseNavAnimator.h */,
				5E83E9EC1FBBEF1E009A5C5C /* MXBaseNavAnimator.m */,
			);
			path = Base;
			sourceTree = "<group>";
		};
		5E83EA281FD64203009A5C5C /* Category */ = {
			isa = PBXGroup;
			children = (
			);
			path = Category;
			sourceTree = "<group>";
		};
		5E9FF17A1F79636E00283FBD = {
			isa = PBXGroup;
			children = (
				5E9FF1851F79636E00283FBD /* MemoryForYou */,
				5E9FF1841F79636E00283FBD /* Products */,
				8CD57BA0AC8F1CD306CE4D41 /* Pods */,
				6B57A7CA58A42707929086DF /* Frameworks */,
			);
			sourceTree = "<group>";
		};
		5E9FF1841F79636E00283FBD /* Products */ = {
			isa = PBXGroup;
			children = (
				5E9FF1831F79636E00283FBD /* MemoryForYou.app */,
			);
			name = Products;
			sourceTree = "<group>";
		};
		5E9FF1851F79636E00283FBD /* MemoryForYou */ = {
			isa = PBXGroup;
			children = (
				5EBAF3021F7F727500C627CA /* Base */,
				5E9FF1861F79636E00283FBD /* MXAppDelegate.h */,
				5E9FF1871F79636E00283FBD /* MXAppDelegate.m */,
				5EBAF3031F7F728700C627CA /* Main */,
				5EBAF3011F7F726300C627CA /* Util */,
				5E83E9C91FB94EB8009A5C5C /* Custom */,
				5E9FF18F1F79636E00283FBD /* Assets.xcassets */,
				5E83EA281FD64203009A5C5C /* Category */,
				5E83E9DC1FBBD53C009A5C5C /* Const */,
				5EFB253F1FAFF429006A50AA /* Supporting Files */,
			);
			path = MemoryForYou;
			sourceTree = "<group>";
		};
		5EA606ED1FF1E5D600F81113 /* Filter */ = {
			isa = PBXGroup;
			children = (
				5EA606E61FF1136C00F81113 /* MXBaseFilterModel.h */,
				5EA606E71FF1136C00F81113 /* MXBaseFilterModel.m */,
				5EA606E91FF1E14100F81113 /* MXTransitonFilterModel.h */,
				5EA606EA1FF1E14100F81113 /* MXTransitonFilterModel.m */,
				5ED393A61FF3C6EE00882FBA /* MXVisualEffectFilterModel.h */,
				5ED393A71FF3C6EE00882FBA /* MXVisualEffectFilterModel.m */,
				5EA606EE1FF1EF3900F81113 /* MXVideoModel.h */,
				5EA606EF1FF1EF3900F81113 /* MXVideoModel.m */,
			);
			path = Filter;
			sourceTree = "<group>";
		};
		5EAFA95C1FD90D4600F9B9F3 /* LLAVPlayerView */ = {
			isa = PBXGroup;
			children = (
				5E59BA1F1FD90FD60090CB12 /* rzjt.MP4 */,
				5EAFA9611FD90D4600F9B9F3 /* LLAVPlayerItem.h */,
				5EAFA95E1FD90D4600F9B9F3 /* LLAVPlayerItem.m */,
				5EAFA9651FD90D4600F9B9F3 /* LLAVPlayerView.h */,
				5EAFA95F1FD90D4600F9B9F3 /* LLAVPlayerView.m */,
				5EAFA9601FD90D4600F9B9F3 /* UIImage+LLAVPlayer.h */,
				5EAFA9641FD90D4600F9B9F3 /* UIImage+LLAVPlayer.m */,
			);
			path = LLAVPlayerView;
			sourceTree = "<group>";
		};
		5EBAF3011F7F726300C627CA /* Util */ = {
			isa = PBXGroup;
			children = (
				5EAFA95C1FD90D4600F9B9F3 /* LLAVPlayerView */,
				5EBAF3041F7F72B100C627CA /* MXPhotoUtil.h */,
				5EBAF3051F7F72B100C627CA /* MXPhotoUtil.m */,
				5EAFA9561FD7965800F9B9F3 /* MXVideoUtil.h */,
				5EAFA9571FD7965800F9B9F3 /* MXVideoUtil.m */,
				5EA606CF1FED316500F81113 /* MXFilterUtil.h */,
				5EA606D01FED316500F81113 /* MXFilterUtil.m */,
			);
			path = Util;
			sourceTree = "<group>";
		};
		5EBAF3021F7F727500C627CA /* Base */ = {
			isa = PBXGroup;
			children = (
				5EBAF2FB1F7F6D5300C627CA /* MXBaseViewController.h */,
				5EBAF2FC1F7F6D5300C627CA /* MXBaseViewController.m */,
				5E371E851FAABBBA009D8026 /* MXBaseNavigationController.h */,
				5E371E861FAABBBA009D8026 /* MXBaseNavigationController.m */,
				5E371E881FAABBCE009D8026 /* MXTableViewController.h */,
				5E371E891FAABBCE009D8026 /* MXTableViewController.m */,
			);
			path = Base;
			sourceTree = "<group>";
		};
		5EBAF3031F7F728700C627CA /* Main */ = {
			isa = PBXGroup;
			children = (
				5E371E911FAAFFEC009D8026 /* Model */,
				5E371E901FAAFFE4009D8026 /* View */,
				5E371E8F1FAAFFD7009D8026 /* Controller */,
			);
			path = Main;
			sourceTree = "<group>";
		};
		5EFB253F1FAFF429006A50AA /* Supporting Files */ = {
			isa = PBXGroup;
			children = (
				5EC0236E1F9661B20094D65F /* LaunchScreen.storyboard */,
				5EC0236D1F9661B20094D65F /* Main.storyboard */,
				5E9FF1941F79636E00283FBD /* Info.plist */,
				5E9FF1951F79636E00283FBD /* main.m */,
				5EFB25401FAFF469006A50AA /* MXPrefixHeader.pch */,
			);
			path = "Supporting Files";
			sourceTree = "<group>";
		};
		6B57A7CA58A42707929086DF /* Frameworks */ = {
			isa = PBXGroup;
			children = (
				5EA606D81FED341000F81113 /* CoreGraphics.framework */,
				5EA606D61FED340800F81113 /* CoreImage.framework */,
				5EA606D41FED33EC00F81113 /* OpenGLES.framework */,
				5EA606D21FED33DA00F81113 /* GLKit.framework */,
				C87D5F742341887FED58B90E /* libPods-MemoryForYou.a */,
			);
			name = Frameworks;
			sourceTree = "<group>";
		};
		8CD57BA0AC8F1CD306CE4D41 /* Pods */ = {
			isa = PBXGroup;
			children = (
				D588153A09E7C099B5B599C9 /* Pods-MemoryForYou.debug.xcconfig */,
				336CC48A0C4577F4BC0C0FEB /* Pods-MemoryForYou.release.xcconfig */,
			);
			name = Pods;
			sourceTree = "<group>";
		};
/* End PBXGroup section */

/* Begin PBXNativeTarget section */
		5E9FF1821F79636E00283FBD /* MemoryForYou */ = {
			isa = PBXNativeTarget;
			buildConfigurationList = 5E9FF1991F79636E00283FBD /* Build configuration list for PBXNativeTarget "MemoryForYou" */;
			buildPhases = (
				F39FBDAB3020FAE33986991C /* [CP] Check Pods Manifest.lock */,
				5E9FF17F1F79636E00283FBD /* Sources */,
				5E9FF1801F79636E00283FBD /* Frameworks */,
				5E9FF1811F79636E00283FBD /* Resources */,
				AA8094ACA7A52F7658CE640A /* [CP] Embed Pods Frameworks */,
				8063268C020CF70A254A1649 /* [CP] Copy Pods Resources */,
			);
			buildRules = (
			);
			dependencies = (
			);
			name = MemoryForYou;
			productName = MemoryForYou;
			productReference = 5E9FF1831F79636E00283FBD /* MemoryForYou.app */;
			productType = "com.apple.product-type.application";
		};
/* End PBXNativeTarget section */

/* Begin PBXProject section */
		5E9FF17B1F79636E00283FBD /* Project object */ = {
			isa = PBXProject;
			attributes = {
				CLASSPREFIX = MX;
				LastUpgradeCheck = 0900;
				ORGANIZATIONNAME = xialisuper;
				TargetAttributes = {
					5E9FF1821F79636E00283FBD = {
						CreatedOnToolsVersion = 9.0;
						ProvisioningStyle = Automatic;
					};
				};
			};
			buildConfigurationList = 5E9FF17E1F79636E00283FBD /* Build configuration list for PBXProject "MemoryForYou" */;
			compatibilityVersion = "Xcode 8.0";
			developmentRegion = en;
			hasScannedForEncodings = 0;
			knownRegions = (
				en,
				Base,
			);
			mainGroup = 5E9FF17A1F79636E00283FBD;
			productRefGroup = 5E9FF1841F79636E00283FBD /* Products */;
			projectDirPath = "";
			projectRoot = "";
			targets = (
				5E9FF1821F79636E00283FBD /* MemoryForYou */,
			);
		};
/* End PBXProject section */

/* Begin PBXResourcesBuildPhase section */
		5E9FF1811F79636E00283FBD /* Resources */ = {
			isa = PBXResourcesBuildPhase;
			buildActionMask = 2147483647;
			files = (
				5ED393A21FF3407500882FBA /* MXImageRenderViewController.storyboard in Resources */,
				5E9FF1901F79636E00283FBD /* Assets.xcassets in Resources */,
				5E59BA201FD90FD60090CB12 /* rzjt.MP4 in Resources */,
			);
			runOnlyForDeploymentPostprocessing = 0;
		};
/* End PBXResourcesBuildPhase section */

/* Begin PBXShellScriptBuildPhase section */
		8063268C020CF70A254A1649 /* [CP] Copy Pods Resources */ = {
			isa = PBXShellScriptBuildPhase;
			buildActionMask = 2147483647;
			files = (
			);
			inputPaths = (
				"${SRCROOT}/Pods/Target Support Files/Pods-MemoryForYou/Pods-MemoryForYou-resources.sh",
				"${PODS_ROOT}/ShareSDK3/SDK/ShareSDK/Support/Required/ShareSDK.bundle",
				"${PODS_ROOT}/ShareSDK3/SDK/ShareSDK/Support/PlatformSDK/QQSDK/TencentOpenApi_IOS_Bundle.bundle",
				"${PODS_ROOT}/ShareSDK3/SDK/ShareSDK/Support/PlatformSDK/SinaWeiboSDK/WeiboSDK.bundle",
			);
			name = "[CP] Copy Pods Resources";
			outputPaths = (
				"${TARGET_BUILD_DIR}/${UNLOCALIZED_RESOURCES_FOLDER_PATH}/ShareSDK.bundle",
				"${TARGET_BUILD_DIR}/${UNLOCALIZED_RESOURCES_FOLDER_PATH}/TencentOpenApi_IOS_Bundle.bundle",
				"${TARGET_BUILD_DIR}/${UNLOCALIZED_RESOURCES_FOLDER_PATH}/WeiboSDK.bundle",
			);
			runOnlyForDeploymentPostprocessing = 0;
			shellPath = /bin/sh;
			shellScript = "\"${SRCROOT}/Pods/Target Support Files/Pods-MemoryForYou/Pods-MemoryForYou-resources.sh\"\n";
			showEnvVarsInLog = 0;
		};
		AA8094ACA7A52F7658CE640A /* [CP] Embed Pods Frameworks */ = {
			isa = PBXShellScriptBuildPhase;
			buildActionMask = 2147483647;
			files = (
			);
			inputPaths = (
			);
			name = "[CP] Embed Pods Frameworks";
			outputPaths = (
			);
			runOnlyForDeploymentPostprocessing = 0;
			shellPath = /bin/sh;
			shellScript = "\"${SRCROOT}/Pods/Target Support Files/Pods-MemoryForYou/Pods-MemoryForYou-frameworks.sh\"\n";
			showEnvVarsInLog = 0;
		};
		F39FBDAB3020FAE33986991C /* [CP] Check Pods Manifest.lock */ = {
			isa = PBXShellScriptBuildPhase;
			buildActionMask = 2147483647;
			files = (
			);
			inputPaths = (
				"${PODS_PODFILE_DIR_PATH}/Podfile.lock",
				"${PODS_ROOT}/Manifest.lock",
			);
			name = "[CP] Check Pods Manifest.lock";
			outputPaths = (
				"$(DERIVED_FILE_DIR)/Pods-MemoryForYou-checkManifestLockResult.txt",
			);
			runOnlyForDeploymentPostprocessing = 0;
			shellPath = /bin/sh;
			shellScript = "diff \"${PODS_PODFILE_DIR_PATH}/Podfile.lock\" \"${PODS_ROOT}/Manifest.lock\" > /dev/null\nif [ $? != 0 ] ; then\n    # print error to STDERR\n    echo \"error: The sandbox is not in sync with the Podfile.lock. Run 'pod install' or update your CocoaPods installation.\" >&2\n    exit 1\nfi\n# This output is used by Xcode 'outputs' to avoid re-running this script phase.\necho \"SUCCESS\" > \"${SCRIPT_OUTPUT_FILE_0}\"\n";
			showEnvVarsInLog = 0;
		};
/* End PBXShellScriptBuildPhase section */

/* Begin PBXSourcesBuildPhase section */
		5E9FF17F1F79636E00283FBD /* Sources */ = {
			isa = PBXSourcesBuildPhase;
			buildActionMask = 2147483647;
			files = (
				5E83E9D21FBAD05A009A5C5C /* MXBaseNavAnimationTransition.m in Sources */,
				5E83E9EA1FBBEB47009A5C5C /* MXImagePreviewPercentDrivenInteractiveTransition.m in Sources */,
				5EA606F01FF1EF3900F81113 /* MXVideoModel.m in Sources */,
				5EA606EB1FF1E14100F81113 /* MXTransitonFilterModel.m in Sources */,
				5E83E9D81FBBD4AA009A5C5C /* MXImagePreviewPopAnimator.m in Sources */,
				5E83E9F71FC6F452009A5C5C /* MXImagePickerBottomCollectionViewFlowLayout.m in Sources */,
				5EA606DF1FED395000F81113 /* MXImageRenderViewController.m in Sources */,
				5EA606E81FF1136C00F81113 /* MXBaseFilterModel.m in Sources */,
				5EAFA9681FD90D4600F9B9F3 /* LLAVPlayerView.m in Sources */,
				5E83E9FA1FC6F486009A5C5C /* MXImagePickerBottomCollectionViewCell.m in Sources */,
				5E83E9ED1FBBEF1E009A5C5C /* MXBaseNavAnimator.m in Sources */,
				5EA606D11FED316500F81113 /* MXFilterUtil.m in Sources */,
				5E6C42F71FB3F81000C99D39 /* MXImage3DPreviewViewController.m in Sources */,
				5EFB253D1FAFF128006A50AA /* MXImageModel.m in Sources */,
				5E9FF1961F79636E00283FBD /* main.m in Sources */,
				5E371E8A1FAABBCE009D8026 /* MXTableViewController.m in Sources */,
				5E371E941FAB001E009D8026 /* MXImagePickerCollectionViewCell.m in Sources */,
				5EBAF3061F7F72B100C627CA /* MXPhotoUtil.m in Sources */,
				5E371E971FAB252F009D8026 /* MXPhotoPickerCollectionViewFlowLayout.m in Sources */,
				5E9FF1881F79636E00283FBD /* MXAppDelegate.m in Sources */,
				5E83E9CF1FBA80C3009A5C5C /* MXImagePreviewAnimator.m in Sources */,
				5ED393A81FF3C6EE00882FBA /* MXVisualEffectFilterModel.m in Sources */,
				5EBAF3001F7F6D8A00C627CA /* MXAudioPlayViewController.m in Sources */,
				5E83E9F41FC6C04A009A5C5C /* MXImagePickerBottomView.m in Sources */,
				5EAFA9581FD7965800F9B9F3 /* MXVideoUtil.m in Sources */,
				5E83E9D51FBAD116009A5C5C /* MXImagePreviewAnimationTransition.m in Sources */,
				5E371E8E1FAAFF2A009D8026 /* MXImagePickerViewController.m in Sources */,
				5E83E9E71FBBEAE8009A5C5C /* MXBaseNavPercentDrivenInteractiveTransition.m in Sources */,
				5E83E9DF1FBBD581009A5C5C /* MXStringConstant.m in Sources */,
				5EBAF2FD1F7F6D5300C627CA /* MXBaseViewController.m in Sources */,
				5E6C42F41FB2B31A00C99D39 /* MXImagePreviewViewController.m in Sources */,
				5EAFA9671FD90D4600F9B9F3 /* LLAVPlayerItem.m in Sources */,
				5E371E871FAABBBB009D8026 /* MXBaseNavigationController.m in Sources */,
				5EAFA96B1FD90D4600F9B9F3 /* UIImage+LLAVPlayer.m in Sources */,
				5EA606DC1FED345C00F81113 /* MXImageRenderView.m in Sources */,
			);
			runOnlyForDeploymentPostprocessing = 0;
		};
/* End PBXSourcesBuildPhase section */

/* Begin XCBuildConfiguration section */
		5E9FF1971F79636E00283FBD /* Debug */ = {
			isa = XCBuildConfiguration;
			buildSettings = {
				ALWAYS_SEARCH_USER_PATHS = NO;
				CLANG_ANALYZER_NONNULL = YES;
				CLANG_ANALYZER_NUMBER_OBJECT_CONVERSION = YES_AGGRESSIVE;
				CLANG_CXX_LANGUAGE_STANDARD = "gnu++14";
				CLANG_CXX_LIBRARY = "libc++";
				CLANG_ENABLE_MODULES = YES;
				CLANG_ENABLE_OBJC_ARC = YES;
				CLANG_WARN_BLOCK_CAPTURE_AUTORELEASING = YES;
				CLANG_WARN_BOOL_CONVERSION = YES;
				CLANG_WARN_COMMA = YES;
				CLANG_WARN_CONSTANT_CONVERSION = YES;
				CLANG_WARN_DIRECT_OBJC_ISA_USAGE = YES_ERROR;
				CLANG_WARN_DOCUMENTATION_COMMENTS = YES;
				CLANG_WARN_EMPTY_BODY = YES;
				CLANG_WARN_ENUM_CONVERSION = YES;
				CLANG_WARN_INFINITE_RECURSION = YES;
				CLANG_WARN_INT_CONVERSION = YES;
				CLANG_WARN_NON_LITERAL_NULL_CONVERSION = YES;
				CLANG_WARN_OBJC_LITERAL_CONVERSION = YES;
				CLANG_WARN_OBJC_ROOT_CLASS = YES_ERROR;
				CLANG_WARN_RANGE_LOOP_ANALYSIS = YES;
				CLANG_WARN_STRICT_PROTOTYPES = YES;
				CLANG_WARN_SUSPICIOUS_MOVE = YES;
				CLANG_WARN_UNGUARDED_AVAILABILITY = YES_AGGRESSIVE;
				CLANG_WARN_UNREACHABLE_CODE = YES;
				CLANG_WARN__DUPLICATE_METHOD_MATCH = YES;
				CODE_SIGN_IDENTITY = "iPhone Developer";
				COPY_PHASE_STRIP = NO;
				DEBUG_INFORMATION_FORMAT = dwarf;
				ENABLE_STRICT_OBJC_MSGSEND = YES;
				ENABLE_TESTABILITY = YES;
				GCC_C_LANGUAGE_STANDARD = gnu11;
				GCC_DYNAMIC_NO_PIC = NO;
				GCC_NO_COMMON_BLOCKS = YES;
				GCC_OPTIMIZATION_LEVEL = 0;
				GCC_PREPROCESSOR_DEFINITIONS = (
					"DEBUG=1",
					"$(inherited)",
				);
				GCC_WARN_64_TO_32_BIT_CONVERSION = YES;
				GCC_WARN_ABOUT_RETURN_TYPE = YES_ERROR;
				GCC_WARN_UNDECLARED_SELECTOR = YES;
				GCC_WARN_UNINITIALIZED_AUTOS = YES_AGGRESSIVE;
				GCC_WARN_UNUSED_FUNCTION = YES;
				GCC_WARN_UNUSED_VARIABLE = YES;
				IPHONEOS_DEPLOYMENT_TARGET = 11.0;
				MTL_ENABLE_DEBUG_INFO = YES;
				ONLY_ACTIVE_ARCH = YES;
				SDKROOT = iphoneos;
			};
			name = Debug;
		};
		5E9FF1981F79636E00283FBD /* Release */ = {
			isa = XCBuildConfiguration;
			buildSettings = {
				ALWAYS_SEARCH_USER_PATHS = NO;
				CLANG_ANALYZER_NONNULL = YES;
				CLANG_ANALYZER_NUMBER_OBJECT_CONVERSION = YES_AGGRESSIVE;
				CLANG_CXX_LANGUAGE_STANDARD = "gnu++14";
				CLANG_CXX_LIBRARY = "libc++";
				CLANG_ENABLE_MODULES = YES;
				CLANG_ENABLE_OBJC_ARC = YES;
				CLANG_WARN_BLOCK_CAPTURE_AUTORELEASING = YES;
				CLANG_WARN_BOOL_CONVERSION = YES;
				CLANG_WARN_COMMA = YES;
				CLANG_WARN_CONSTANT_CONVERSION = YES;
				CLANG_WARN_DIRECT_OBJC_ISA_USAGE = YES_ERROR;
				CLANG_WARN_DOCUMENTATION_COMMENTS = YES;
				CLANG_WARN_EMPTY_BODY = YES;
				CLANG_WARN_ENUM_CONVERSION = YES;
				CLANG_WARN_INFINITE_RECURSION = YES;
				CLANG_WARN_INT_CONVERSION = YES;
				CLANG_WARN_NON_LITERAL_NULL_CONVERSION = YES;
				CLANG_WARN_OBJC_LITERAL_CONVERSION = YES;
				CLANG_WARN_OBJC_ROOT_CLASS = YES_ERROR;
				CLANG_WARN_RANGE_LOOP_ANALYSIS = YES;
				CLANG_WARN_STRICT_PROTOTYPES = YES;
				CLANG_WARN_SUSPICIOUS_MOVE = YES;
				CLANG_WARN_UNGUARDED_AVAILABILITY = YES_AGGRESSIVE;
				CLANG_WARN_UNREACHABLE_CODE = YES;
				CLANG_WARN__DUPLICATE_METHOD_MATCH = YES;
				CODE_SIGN_IDENTITY = "iPhone Developer";
				COPY_PHASE_STRIP = NO;
				DEBUG_INFORMATION_FORMAT = "dwarf-with-dsym";
				ENABLE_NS_ASSERTIONS = NO;
				ENABLE_STRICT_OBJC_MSGSEND = YES;
				GCC_C_LANGUAGE_STANDARD = gnu11;
				GCC_NO_COMMON_BLOCKS = YES;
				GCC_WARN_64_TO_32_BIT_CONVERSION = YES;
				GCC_WARN_ABOUT_RETURN_TYPE = YES_ERROR;
				GCC_WARN_UNDECLARED_SELECTOR = YES;
				GCC_WARN_UNINITIALIZED_AUTOS = YES_AGGRESSIVE;
				GCC_WARN_UNUSED_FUNCTION = YES;
				GCC_WARN_UNUSED_VARIABLE = YES;
				IPHONEOS_DEPLOYMENT_TARGET = 11.0;
				MTL_ENABLE_DEBUG_INFO = NO;
				SDKROOT = iphoneos;
				VALIDATE_PRODUCT = YES;
			};
			name = Release;
		};
		5E9FF19A1F79636E00283FBD /* Debug */ = {
			isa = XCBuildConfiguration;
			baseConfigurationReference = D588153A09E7C099B5B599C9 /* Pods-MemoryForYou.debug.xcconfig */;
			buildSettings = {
				ASSETCATALOG_COMPILER_APPICON_NAME = AppIcon;
				CODE_SIGN_STYLE = Automatic;
				DEVELOPMENT_TEAM = TW4V35KEW8;
				GCC_PREFIX_HEADER = "$(SRCROOT)/MemoryForYou/Supporting Files/MXPrefixHeader.pch";
				INFOPLIST_FILE = "$(SRCROOT)/MemoryForYou/Supporting Files/Info.plist";
				IPHONEOS_DEPLOYMENT_TARGET = 8.2;
				LD_RUNPATH_SEARCH_PATHS = "$(inherited) @executable_path/Frameworks";
				PRODUCT_BUNDLE_IDENTIFIER = com.Memory.MemoryForYou;
				PRODUCT_NAME = "$(TARGET_NAME)";
				TARGETED_DEVICE_FAMILY = 1;
			};
			name = Debug;
		};
		5E9FF19B1F79636E00283FBD /* Release */ = {
			isa = XCBuildConfiguration;
			baseConfigurationReference = 336CC48A0C4577F4BC0C0FEB /* Pods-MemoryForYou.release.xcconfig */;
			buildSettings = {
				ASSETCATALOG_COMPILER_APPICON_NAME = AppIcon;
				CODE_SIGN_STYLE = Automatic;
				DEVELOPMENT_TEAM = TW4V35KEW8;
				GCC_PREFIX_HEADER = "$(SRCROOT)/MemoryForYou/Supporting Files/MXPrefixHeader.pch";
				INFOPLIST_FILE = "$(SRCROOT)/MemoryForYou/Supporting Files/Info.plist";
				IPHONEOS_DEPLOYMENT_TARGET = 8.2;
				LD_RUNPATH_SEARCH_PATHS = "$(inherited) @executable_path/Frameworks";
				PRODUCT_BUNDLE_IDENTIFIER = com.Memory.MemoryForYou;
				PRODUCT_NAME = "$(TARGET_NAME)";
				TARGETED_DEVICE_FAMILY = 1;
			};
			name = Release;
		};
/* End XCBuildConfiguration section */

/* Begin XCConfigurationList section */
		5E9FF17E1F79636E00283FBD /* Build configuration list for PBXProject "MemoryForYou" */ = {
			isa = XCConfigurationList;
			buildConfigurations = (
				5E9FF1971F79636E00283FBD /* Debug */,
				5E9FF1981F79636E00283FBD /* Release */,
			);
			defaultConfigurationIsVisible = 0;
			defaultConfigurationName = Release;
		};
		5E9FF1991F79636E00283FBD /* Build configuration list for PBXNativeTarget "MemoryForYou" */ = {
			isa = XCConfigurationList;
			buildConfigurations = (
				5E9FF19A1F79636E00283FBD /* Debug */,
				5E9FF19B1F79636E00283FBD /* Release */,
			);
			defaultConfigurationIsVisible = 0;
			defaultConfigurationName = Release;
		};
/* End XCConfigurationList section */
	};
	rootObject = 5E9FF17B1F79636E00283FBD /* Project object */;
}
